
Microsoft Visual Studio Solution File, Format Version 12.00
# Visual Studio 15
VisualStudioVersion = 15.0.28307.271
MinimumVisualStudioVersion = 10.0.40219.1
Project("{8BC9CEB8-8B4A-11D0-8D11-00A0C91BC942}") = "RomanToInteger", "RomanToInteger\RomanToInteger.vcxproj", "{128EA13D-DAB0-46DD-9A16-E268ECBE5AC2}"
EndProject
Project("{8BC9CEB8-8B4A-11D0-8D11-00A0C91BC942}") = "LongestCommonPrefix", "LongestCommonPrefix\LongestCommonPrefix.vcxproj", "{6AEB3EFA-25A2-40F8-8E89-0503A95486A2}"
EndProject
Project("{8BC9CEB8-8B4A-11D0-8D11-00A0C91BC942}") = "ValidParentheses", "ValidParentheses\ValidParentheses.vcxproj", "{31EDA355-50B8-487D-89C3-19D2D9570CC0}"
EndProject
Project("{8BC9CEB8-8B4A-11D0-8D11-00A0C91BC942}") = "RemoveOutermostParentheses", "RemoveOutermostParentheses\RemoveOutermostParentheses.vcxproj", "{7D8E3163-F698-47A1-B9BE-42B0B2A7CA6B}"
EndProject
Project("{8BC9CEB8-8B4A-11D0-8D11-00A0C91BC942}") = "ToLowerCase", "ToLowerCase\ToLowerCase.vcxproj", "{7A169140-6098-4B55-B21E-6428BACBE3AD}"
EndProject
Project("{8BC9CEB8-8B4A-11D0-8D11-00A0C91BC942}") = "UniqueMorseCodeWords", "UniqueMorseCodeWords\UniqueMorseCodeWords.vcxproj", "{BBD03785-5664-4FD4-B97C-6F3506951721}"
EndProject
Project("{8BC9CEB8-8B4A-11D0-8D11-00A0C91BC942}") = "UniqueEmailAddresses", "UniqueEmailAddresses\UniqueEmailAddresses.vcxproj", "{309E1769-04F2-4740-8819-5A4663C1C188}"
EndProject
Project("{8BC9CEB8-8B4A-11D0-8D11-00A0C91BC942}") = "NRepeatedElementInSize2NArray", "NRepeatedElementInSize2NArray\NRepeatedElementInSize2NArray.vcxproj", "{DFD14490-B78B-4440-975C-C2DCDCA68216}"
EndProject
Project("{8BC9CEB8-8B4A-11D0-8D11-00A0C91BC942}") = "SortArrayByParity", "SortArrayByParity\SortArrayByParity.vcxproj", "{9CD74C24-C148-4598-8EAC-B258D00CAB16}"
EndProject
Project("{8BC9CEB8-8B4A-11D0-8D11-00A0C91BC942}") = "SquaresOfASortedArray", "SquaresOfASortedArray\SquaresOfASortedArray.vcxproj", "{4E36F6A7-0CD6-4DCD-9246-D081E9D9AC6A}"
EndProject
Project("{8BC9CEB8-8B4A-11D0-8D11-00A0C91BC942}") = "MaxIncreaseTOKeepCitySkyline", "MaxIncreaseTOKeepCitySkyline\MaxIncreaseTOKeepCitySkyline.vcxproj", "{DDA84B7D-D7EC-4C7D-9130-FF39D21CD78A}"
EndProject
Project("{8BC9CEB8-8B4A-11D0-8D11-00A0C91BC942}") = "EncodeAndDecodeTinyURL", "EncodeAndDecodeTinyURL\EncodeAndDecodeTinyURL.vcxproj", "{5E2B1456-52F5-4797-9892-986156AFF373}"
EndProject
Project("{8BC9CEB8-8B4A-11D0-8D11-00A0C91BC942}") = "MaximumBinaryTree", "MaximumBinaryTree\MaximumBinaryTree.vcxproj", "{EB879860-D46A-4BE7-8209-C10A82DCF468}"
EndProject
Project("{8BC9CEB8-8B4A-11D0-8D11-00A0C91BC942}") = "InsertIntoABinarySearchTree", "InsertIntoABinarySearchTree\InsertIntoABinarySearchTree.vcxproj", "{22AAD266-9EBD-440C-B78F-95488F09A813}"
EndProject
Project("{8BC9CEB8-8B4A-11D0-8D11-00A0C91BC942}") = "ConstructBinarySearchTreeFromPreorderTraversal", "ConstructBinarySearchTreeFromPreorderTraversal\ConstructBinarySearchTreeFromPreorderTraversal.vcxproj", "{B9EF0B98-0AA6-4269-B752-A6CF7D4AEB67}"
EndProject
Project("{8BC9CEB8-8B4A-11D0-8D11-00A0C91BC942}") = "FlippingAnImage", "FlippingAnImage\FlippingAnImage.vcxproj", "{9CDE95E6-C016-4958-8162-5B6BC3B69B3F}"
EndProject
Project("{8BC9CEB8-8B4A-11D0-8D11-00A0C91BC942}") = "RobotReturnToOrigin", "RobotReturnToOrigin\RobotReturnToOrigin.vcxproj", "{E9FBE4B5-06F3-4309-B973-764DD2269EF8}"
EndProject
Project("{8BC9CEB8-8B4A-11D0-8D11-00A0C91BC942}") = "HammingDistance", "HammingDistance\HammingDistance.vcxproj", "{F3DDA066-99BB-43E3-B769-9B9890F9D6A3}"
EndProject
Project("{8BC9CEB8-8B4A-11D0-8D11-00A0C91BC942}") = "DIStringMatch", "DIStringMatch\DIStringMatch.vcxproj", "{0F0DB875-F0DA-4D22-9DA2-D52ACA2C670B}"
EndProject
Project("{8BC9CEB8-8B4A-11D0-8D11-00A0C91BC942}") = "MergeTwoBinaryTrees", "MergeTwoBinaryTrees\MergeTwoBinaryTrees.vcxproj", "{3D1C38F4-3945-484F-A98F-390F6892B165}"
EndProject
Project("{8BC9CEB8-8B4A-11D0-8D11-00A0C91BC942}") = "SelfDividingNumber", "SelfDividingNumber\SelfDividingNumber.vcxproj", "{CCC74F55-95B3-4DBD-A02D-88FFF15EBE71}"
EndProject
Project("{8BC9CEB8-8B4A-11D0-8D11-00A0C91BC942}") = "PeakIndexInMountainArray", "PeakIndexInMountainArray\PeakIndexInMountainArray.vcxproj", "{5F54B3F7-007B-4528-8FEA-785DDE6ADE48}"
EndProject
Project("{8BC9CEB8-8B4A-11D0-8D11-00A0C91BC942}") = "DeleteColumnsToMakeSorted", "DeleteColumnsToMakeSorted\DeleteColumnsToMakeSorted.vcxproj", "{66DBDA61-0C09-43C6-933B-578DEB74FA3C}"
EndProject
Project("{8BC9CEB8-8B4A-11D0-8D11-00A0C91BC942}") = "NumberOfRecentCalls", "NumberOfRecentCalls\NumberOfRecentCalls.vcxproj", "{73A0A084-EE2A-477D-9DED-86FF09CE007E}"
EndProject
Project("{8BC9CEB8-8B4A-11D0-8D11-00A0C91BC942}") = "ArrayPartition1", "ArrayPartition1\ArrayPartition1.vcxproj", "{42CFD3B3-8CEA-4EF7-B29F-1F1CE6485A31}"
EndProject
Project("{8BC9CEB8-8B4A-11D0-8D11-00A0C91BC942}") = "MatrixCellsInDistanceOrder", "MatrixCellsInDistanceOrder\MatrixCellsInDistanceOrder.vcxproj", "{CB20D659-A0F3-4247-A3FB-D573BF9E8E97}"
EndProject
Project("{8BC9CEB8-8B4A-11D0-8D11-00A0C91BC942}") = "NAryTreePreorderTraversal", "NAryTreePreorderTraversal\NAryTreePreorderTraversal.vcxproj", "{FB6FAEB5-F67B-40E4-BCCF-EA68B5185DE8}"
EndProject
Project("{8BC9CEB8-8B4A-11D0-8D11-00A0C91BC942}") = "UnivaluedBinaryTree", "UnivaluedBinaryTree\UnivaluedBinaryTree.vcxproj", "{BA38DEED-40C3-4004-A53B-27BA7FC387B9}"
EndProject
Project("{8BC9CEB8-8B4A-11D0-8D11-00A0C91BC942}") = "SortArrayByParity2", "SortArrayByParity2\SortArrayByParity2.vcxproj", "{27523FDE-0ED3-417D-96A9-31972FD0EB37}"
EndProject
Project("{8BC9CEB8-8B4A-11D0-8D11-00A0C91BC942}") = "FibonacciNumber", "FibonacciNumber\FibonacciNumber.vcxproj", "{C69ADEC0-E052-4B94-BFCD-FBB35936C4EA}"
EndProject
Project("{8BC9CEB8-8B4A-11D0-8D11-00A0C91BC942}") = "AvailableCapturesForRook", "availableCapturesForRook\availableCapturesForRook.vcxproj", "{574B8357-A0B5-4553-9C75-9EB14A4C45FC}"
EndProject
Project("{8BC9CEB8-8B4A-11D0-8D11-00A0C91BC942}") = "FindCommonCharacters", "FindCommonCharacters\FindCommonCharacters.vcxproj", "{264D6BB3-F2F7-45D3-8BBA-E3CBFF2771A9}"
EndProject
Project("{8BC9CEB8-8B4A-11D0-8D11-00A0C91BC942}") = "numberOfSquarefulArrays", "numberOfSquarefulArrays\numberOfSquarefulArrays.vcxproj", "{F825CBED-5D71-4767-AD8B-AD4F0DE6142A}"
EndProject
Project("{8BC9CEB8-8B4A-11D0-8D11-00A0C91BC942}") = "CountingBits", "CountingBits\CountingBits.vcxproj", "{7981E743-AAB1-44FC-885D-05F12E6D8EBB}"
EndProject
Project("{8BC9CEB8-8B4A-11D0-8D11-00A0C91BC942}") = "SpiralMatrix3", "SpiralMatrix3\SpiralMatrix3.vcxproj", "{0C6F6983-55D6-436D-8401-13C7B275AC95}"
EndProject
Project("{8BC9CEB8-8B4A-11D0-8D11-00A0C91BC942}") = "BinStringWithSubstrings", "BinStringWithSubstrings\BinStringWithSubstrings.vcxproj", "{BEE3AE30-847C-4E80-8F62-7DDF4EDF27CD}"
EndProject
Project("{8BC9CEB8-8B4A-11D0-8D11-00A0C91BC942}") = "KClosestPointsToOrigin", "KClosestPointsToOrigin\KClosestPointsToOrigin.vcxproj", "{839F1657-A925-4B5B-9DA0-16D053FA1C84}"
EndProject
Project("{8BC9CEB8-8B4A-11D0-8D11-00A0C91BC942}") = "IntervalListIntersections", "IntervalListIntersections\IntervalListIntersections.vcxproj", "{518E38D6-8357-4F2B-B52E-8FBAF290F665}"
EndProject
Project("{8BC9CEB8-8B4A-11D0-8D11-00A0C91BC942}") = "MaximumDepthOfABinaryTree", "MaximumDepthOfABinaryTree\MaximumDepthOfABinaryTree.vcxproj", "{E9BCC137-4410-42A5-93F0-A77FEEBC3A73}"
EndProject
Project("{8BC9CEB8-8B4A-11D0-8D11-00A0C91BC942}") = "DailyTemperatures", "DailyTemperatures\DailyTemperatures.vcxproj", "{84DE3AE7-1E7B-4B43-BC21-F8DE46277221}"
EndProject
Project("{8BC9CEB8-8B4A-11D0-8D11-00A0C91BC942}") = "SingleNumber", "SingleNumber\SingleNumber.vcxproj", "{9B593936-B31B-4A3E-8CE6-E0820573BA98}"
EndProject
Project("{8BC9CEB8-8B4A-11D0-8D11-00A0C91BC942}") = "MaximumDepthOfNAryTree", "MaximumDepthOfNAryTree\MaximumDepthOfNAryTree.vcxproj", "{08C6EAFA-B5D0-4DE9-B3F4-33A8C80BD469}"
EndProject
Project("{8BC9CEB8-8B4A-11D0-8D11-00A0C91BC942}") = "SubDomainVisitCount", "SubDomainVisitCount\SubDomainVisitCount.vcxproj", "{5AACA8A9-7717-4432-857F-2AE0ED71E2D2}"
EndProject
Project("{8BC9CEB8-8B4A-11D0-8D11-00A0C91BC942}") = "MoveZeroes", "MoveZeroes\MoveZeroes.vcxproj", "{6566A8B8-CA6B-40FF-87F0-A2EAD6C46D60}"
EndProject
Project("{8BC9CEB8-8B4A-11D0-8D11-00A0C91BC942}") = "reverseLinkedList", "reverseLinkedList\reverseLinkedList.vcxproj", "{39CC95B3-915E-4CAC-A2B3-2911526C9C8F}"
EndProject
Project("{8BC9CEB8-8B4A-11D0-8D11-00A0C91BC942}") = "FindAllNumbersDisappearedInAnArray", "FindAllNumbersDisappearedInAnArray\FindAllNumbersDisappearedInAnArray.vcxproj", "{AF2BB15E-2FA7-4F40-B900-0C529CDD95EC}"
EndProject
Project("{8BC9CEB8-8B4A-11D0-8D11-00A0C91BC942}") = "MajorityElement", "MajorityElement\MajorityElement.vcxproj", "{FF440718-43C3-452C-9925-204BE65C5A91}"
EndProject
Project("{8BC9CEB8-8B4A-11D0-8D11-00A0C91BC942}") = "ConvertBSTToGreaterTree", "ConvertBSTToGreaterTree\ConvertBSTToGreaterTree.vcxproj", "{FA442A80-52FE-4F97-A718-EFC38F55F5F5}"
EndProject
Project("{8BC9CEB8-8B4A-11D0-8D11-00A0C91BC942}") = "BestTimeToBuyAndSellStock", "BestTimeToBuyAndSellStock\BestTimeToBuyAndSellStock.vcxproj", "{8A4E38DF-A4E8-47BA-8577-ECB407DA665A}"
EndProject
Project("{8BC9CEB8-8B4A-11D0-8D11-00A0C91BC942}") = "MergeTwoSortedLists", "MergeTwoSortedLists\MergeTwoSortedLists.vcxproj", "{F01241E3-A1E9-4B1E-BDFD-907EE3571C17}"
EndProject
Project("{8BC9CEB8-8B4A-11D0-8D11-00A0C91BC942}") = "TransposeMatrix", "TransposeMatrix\TransposeMatrix.vcxproj", "{8A115BB1-390C-4CD9-A483-F1D721B57A52}"
EndProject
Project("{8BC9CEB8-8B4A-11D0-8D11-00A0C91BC942}") = "ReverseWordsInAString3", "ReverseWordsInAString3\ReverseWordsInAString3.vcxproj", "{1F5DD271-35DB-4915-B1A4-696DDD765B43}"
EndProject
Project("{8BC9CEB8-8B4A-11D0-8D11-00A0C91BC942}") = "MiddleOfLinkedList", "MiddleOfLinkedList\MiddleOfLinkedList.vcxproj", "{A85F6BD9-2D23-4049-9B2F-C9C06C769AA2}"
EndProject
Project("{8BC9CEB8-8B4A-11D0-8D11-00A0C91BC942}") = "ShortestDistanceToACharacter", "ShortestDistanceToACharacter\ShortestDistanceToACharacter.vcxproj", "{62076573-AFEF-41E9-8A1A-2B15001C17EA}"
EndProject
Project("{8BC9CEB8-8B4A-11D0-8D11-00A0C91BC942}") = "MaximumSubarray", "MaximumSubarray\MaximumSubarray.vcxproj", "{97BF2ACB-DB7E-4255-9C14-9C2BD629B138}"
EndProject
Project("{8BC9CEB8-8B4A-11D0-8D11-00A0C91BC942}") = "LeafSimilarTrees", "LeafSimilarTrees\LeafSimilarTrees.vcxproj", "{EB7C11AC-C3F4-4171-B07A-8FF13AEA125B}"
EndProject
Project("{8BC9CEB8-8B4A-11D0-8D11-00A0C91BC942}") = "NumberComplement", "NumberComplement\NumberComplement.vcxproj", "{FE6F1A18-F7F9-463E-9E81-381EAE454614}"
EndProject
Project("{8BC9CEB8-8B4A-11D0-8D11-00A0C91BC942}") = "KeyboardRow", "keyboardrow\keyboardrow.vcxproj", "{700164C6-061B-4D11-8F64-43AC3FA75D46}"
EndProject
Project("{8BC9CEB8-8B4A-11D0-8D11-00A0C91BC942}") = "NonDecreasingArray", "NonDecreasingArray\NonDecreasingArray.vcxproj", "{6CCD6925-C93B-4C13-BE08-3596FEF936B5}"
EndProject
Project("{8BC9CEB8-8B4A-11D0-8D11-00A0C91BC942}") = "DesignLinkedList", "DesignLinkedList\DesignLinkedList.vcxproj", "{3853B86C-5FBB-434D-87B5-BABAA8030F15}"
EndProject
Project("{8BC9CEB8-8B4A-11D0-8D11-00A0C91BC942}") = "Toeplitz", "Toeplitz\Toeplitz.vcxproj", "{4DA2FC75-65CF-421D-AF69-C12888600232}"
EndProject
Project("{8BC9CEB8-8B4A-11D0-8D11-00A0C91BC942}") = "IslandPerimeter", "IslandPerimeter\IslandPerimeter.vcxproj", "{5EA6B664-7A19-495C-98AB-4B536FDAC761}"
EndProject
Project("{8BC9CEB8-8B4A-11D0-8D11-00A0C91BC942}") = "FizzBuzz", "FizzBuzz\FizzBuzz.vcxproj", "{63BD21F3-1363-4AA9-B8AD-E4660060A27D}"
EndProject
Project("{8BC9CEB8-8B4A-11D0-8D11-00A0C91BC942}") = "BinaryGap", "BinaryGap\BinaryGap.vcxproj", "{36502D95-2B5F-467B-AD35-8335576CE8C0}"
EndProject
Project("{8BC9CEB8-8B4A-11D0-8D11-00A0C91BC942}") = "PrimeNumberOfSetBitsInBinaryRepresentation", "PrimeNumberOfSetBitsInBinaryRepresentation\PrimeNumberOfSetBitsInBinaryRepresentation.vcxproj", "{E686D3C6-4430-492F-9F8A-2F0972000299}"
EndProject
Project("{8BC9CEB8-8B4A-11D0-8D11-00A0C91BC942}") = "UncommonWordsFromTwoSentences", "UncommonWordsFromTwoSentences\UncommonWordsFromTwoSentences.vcxproj", "{AB9B6172-DF45-4FD4-ADAF-FEB5C2B555FB}"
EndProject
Project("{8BC9CEB8-8B4A-11D0-8D11-00A0C91BC942}") = "ReshapeTheMatrix", "ReshapeTheMatrix\ReshapeTheMatrix.vcxproj", "{7FEF7356-2078-435D-B295-4B544B387C83}"
EndProject
Project("{8BC9CEB8-8B4A-11D0-8D11-00A0C91BC942}") = "AverageOfLevelsInBinaryTree", "AverageOfLevelsInBinaryTree\AverageOfLevelsInBinaryTree.vcxproj", "{F20E09FF-8D86-4516-9998-23F2F3E83A4C}"
EndProject
Project("{8BC9CEB8-8B4A-11D0-8D11-00A0C91BC942}") = "ReorderLogFiles", "ReorderLogFiles\ReorderLogFiles.vcxproj", "{8F4AEA5E-5193-4C9C-8D7D-1C745F008F61}"
EndProject
Project("{8BC9CEB8-8B4A-11D0-8D11-00A0C91BC942}") = "InvertBinaryTree", "InvertBinaryTree\InvertBinaryTree.vcxproj", "{5B4F8B36-F51D-4A22-9837-4EFBCAC752D5}"
EndProject
Project("{8BC9CEB8-8B4A-11D0-8D11-00A0C91BC942}") = "AlternatingBits", "AlternatingBits\AlternatingBits.vcxproj", "{40F6ED4E-B27B-4158-93FE-9263781005B6}"
EndProject
Project("{8BC9CEB8-8B4A-11D0-8D11-00A0C91BC942}") = "LargestPerimiterTriangle", "LargestPerimiterTriangle\LargestPerimiterTriangle.vcxproj", "{AB1B00A5-E01A-4CD4-8C2C-C394B43B19AB}"
EndProject
Project("{8BC9CEB8-8B4A-11D0-8D11-00A0C91BC942}") = "ReverseOnlyLetters", "ReverseOnlyLetters\ReverseOnlyLetters.vcxproj", "{244A3494-EE29-4957-B683-977575261271}"
EndProject
Project("{8BC9CEB8-8B4A-11D0-8D11-00A0C91BC942}") = "AddTwoNumbers", "AddTwoNumbers\AddTwoNumbers.vcxproj", "{DC2EE2C7-DA0F-4B18-877E-FEF7B428B659}"
EndProject
Project("{8BC9CEB8-8B4A-11D0-8D11-00A0C91BC942}") = "LongestPalindromicSubstring", "LongestPalindromicSubstring\LongestPalindromicSubstring.vcxproj", "{0CCC5EFC-33F5-4C6D-9E89-9D17D74C8648}"
EndProject
Project("{8BC9CEB8-8B4A-11D0-8D11-00A0C91BC942}") = "RemoveDuplicatesFromSortedArray", "RemoveDuplicatesFromSortedArray\RemoveDuplicatesFromSortedArray.vcxproj", "{BEE07CBA-306D-4BD0-A57F-38BEED18B924}"
EndProject
Project("{8BC9CEB8-8B4A-11D0-8D11-00A0C91BC942}") = "SearchInsertPosition", "SearchInsertPosition\SearchInsertPosition.vcxproj", "{A08E86B0-131F-477F-9D5C-617B5F3594A0}"
EndProject
Project("{8BC9CEB8-8B4A-11D0-8D11-00A0C91BC942}") = "AddBinary", "AddBinary\AddBinary.vcxproj", "{3C74729F-A957-4B33-9870-AE5FAD51FD38}"
EndProject
Project("{8BC9CEB8-8B4A-11D0-8D11-00A0C91BC942}") = "RemoveDuplicatesFromSortedList", "RemoveDuplicatesFromSortedList\RemoveDuplicatesFromSortedList.vcxproj", "{A06551FA-541A-458A-AF29-064422588F7A}"
EndProject
Project("{8BC9CEB8-8B4A-11D0-8D11-00A0C91BC942}") = "LengthOfLastWord", "LengthOfLastWord\LengthOfLastWord.vcxproj", "{88E18492-2FAE-43BE-84A5-C4EFAF9107C8}"
EndProject
Project("{8BC9CEB8-8B4A-11D0-8D11-00A0C91BC942}") = "SameTree", "SameTree\SameTree.vcxproj", "{16FA90D5-60AE-4EEB-981E-B79AF6D5F1CD}"
EndProject
Project("{8BC9CEB8-8B4A-11D0-8D11-00A0C91BC942}") = "SymmetricTree", "SymmetricTree\SymmetricTree.vcxproj", "{354B4482-C997-4470-8B7C-19DB0B8339CF}"
EndProject
Project("{8BC9CEB8-8B4A-11D0-8D11-00A0C91BC942}") = "MaxConsecutiveOnes", "MaxConsecutiveOnes\MaxConsecutiveOnes.vcxproj", "{EF35DA42-DD52-453C-B6B7-2B76E52AC141}"
EndProject
Project("{8BC9CEB8-8B4A-11D0-8D11-00A0C91BC942}") = "ExcelSheetColumnNumber", "ExcelSheetColumnNumber\ExcelSheetColumnNumber.vcxproj", "{B67C8C23-C32C-44D1-809E-0D9FC8A358C9}"
EndProject
Project("{8BC9CEB8-8B4A-11D0-8D11-00A0C91BC942}") = "ExcelSheetColumnTitle", "ExcelSheetColumnTitle\ExcelSheetColumnTitle.vcxproj", "{2579C26F-1484-4E41-A2AB-CCEE51F34F96}"
EndProject
Project("{8BC9CEB8-8B4A-11D0-8D11-00A0C91BC942}") = "MonotonicArray", "MonotonicArray\MonotonicArray.vcxproj", "{81558FA9-3631-4EF1-A918-77A0B3732D54}"
EndProject
Project("{8BC9CEB8-8B4A-11D0-8D11-00A0C91BC942}") = "ContainsDuplicate", "ContainsDuplicate\ContainsDuplicate.vcxproj", "{BE6C0AB4-6CAD-4D0E-A2B5-C46A6926073B}"
EndProject
Project("{8BC9CEB8-8B4A-11D0-8D11-00A0C91BC942}") = "MinimumAddToMakeParenthesesValid", "minimumAddToMakeParenthesesValid\minimumAddToMakeParenthesesValid.vcxproj", "{AC8103BA-045B-4C24-B0D3-910D4D4BAB16}"
EndProject
Project("{8BC9CEB8-8B4A-11D0-8D11-00A0C91BC942}") = "MinStack", "MinStack\MinStack.vcxproj", "{04A3E702-C467-4ED0-9E9F-623632E340E4}"
EndProject
Project("{8BC9CEB8-8B4A-11D0-8D11-00A0C91BC942}") = "FirstUniqueCharacterInAString", "FirstUniqueCharacterInAString\FirstUniqueCharacterInAString.vcxproj", "{C905A0C2-A2C6-4DE0-9555-4CB465B26793}"
EndProject
Project("{8BC9CEB8-8B4A-11D0-8D11-00A0C91BC942}") = "RemoveAllAdjacentDuplicatesInString", "RemoveAllAdjacentDuplicatesInString\RemoveAllAdjacentDuplicatesInString.vcxproj", "{05ACDC0F-BABA-427D-A46C-46AE1E5F2326}"
EndProject
Project("{8BC9CEB8-8B4A-11D0-8D11-00A0C91BC942}") = "GoatLatin", "GoatLatin\GoatLatin.vcxproj", "{670B2F26-F7A1-4EAE-9713-EEE3908B51A9}"
EndProject
Project("{8BC9CEB8-8B4A-11D0-8D11-00A0C91BC942}") = "RansomNote", "RansomNote\RansomNote.vcxproj", "{E31B6905-C63E-4D65-8E26-497C5CEBE59B}"
EndProject
Project("{8BC9CEB8-8B4A-11D0-8D11-00A0C91BC942}") = "LemonadeChange", "LemonadeChange\LemonadeChange.vcxproj", "{014F107E-918B-4A65-A310-30C6A2FA4175}"
EndProject
Project("{8BC9CEB8-8B4A-11D0-8D11-00A0C91BC942}") = "TwoSumIIInputArrayIsSorted", "TwoSumIIInputArrayIsSorted\TwoSumIIInputArrayIsSorted.vcxproj", "{C93C3CEF-A489-4743-B4BF-4AEECD78B136}"
EndProject
Project("{8BC9CEB8-8B4A-11D0-8D11-00A0C91BC942}") = "RotateString", "RotateString\RotateString.vcxproj", "{54600E37-A46D-4318-9626-76FA3D374F5B}"
EndProject
Project("{8BC9CEB8-8B4A-11D0-8D11-00A0C91BC942}") = "FindTheDifference", "FindTheDifference\FindTheDifference.vcxproj", "{EBA95322-C811-4763-BC1A-C96181EA51DB}"
EndProject
Project("{8BC9CEB8-8B4A-11D0-8D11-00A0C91BC942}") = "MissingNumber", "MissingNumber\MissingNumber.vcxproj", "{2869A101-8963-4D4D-9C18-B6F92ED01658}"
EndProject
Project("{8BC9CEB8-8B4A-11D0-8D11-00A0C91BC942}") = "RelativeRanks", "RelativeRanks\RelativeRanks.vcxproj", "{99A3D5D1-FA5F-4F02-8048-6721B77BD70A}"
EndProject
Project("{8BC9CEB8-8B4A-11D0-8D11-00A0C91BC942}") = "ValidPalindrome", "ValidPalindrome\ValidPalindrome.vcxproj", "{CA5E7F5D-87D0-427C-8942-A2BB387F5425}"
EndProject
Project("{8BC9CEB8-8B4A-11D0-8D11-00A0C91BC942}") = "ValidPalindromeII", "ValidPalindromeII\ValidPalindromeII.vcxproj", "{94FE2FB2-1A2B-4364-8F2F-67881195C12E}"
EndProject
Project("{8BC9CEB8-8B4A-11D0-8D11-00A0C91BC942}") = "PermutationsHelper", "PermutationsHelper\PermutationsHelper.vcxproj", "{C6015F31-E209-4C03-9417-FF9C901401A4}"
EndProject
Project("{8BC9CEB8-8B4A-11D0-8D11-00A0C91BC942}") = "LetterCasePermutation", "LetterCasePermutation\LetterCasePermutation.vcxproj", "{868C7F12-9493-49C1-901B-108ACDA1ECBD}"
EndProject
Global
	GlobalSection(SolutionConfigurationPlatforms) = preSolution
		Debug|x64 = Debug|x64
		Debug|x86 = Debug|x86
		Release|x64 = Release|x64
		Release|x86 = Release|x86
	EndGlobalSection
	GlobalSection(ProjectConfigurationPlatforms) = postSolution
		{128EA13D-DAB0-46DD-9A16-E268ECBE5AC2}.Debug|x64.ActiveCfg = Debug|x64
		{128EA13D-DAB0-46DD-9A16-E268ECBE5AC2}.Debug|x64.Build.0 = Debug|x64
		{128EA13D-DAB0-46DD-9A16-E268ECBE5AC2}.Debug|x86.ActiveCfg = Debug|Win32
		{128EA13D-DAB0-46DD-9A16-E268ECBE5AC2}.Debug|x86.Build.0 = Debug|Win32
		{128EA13D-DAB0-46DD-9A16-E268ECBE5AC2}.Release|x64.ActiveCfg = Release|x64
		{128EA13D-DAB0-46DD-9A16-E268ECBE5AC2}.Release|x64.Build.0 = Release|x64
		{128EA13D-DAB0-46DD-9A16-E268ECBE5AC2}.Release|x86.ActiveCfg = Release|Win32
		{128EA13D-DAB0-46DD-9A16-E268ECBE5AC2}.Release|x86.Build.0 = Release|Win32
		{6AEB3EFA-25A2-40F8-8E89-0503A95486A2}.Debug|x64.ActiveCfg = Debug|x64
		{6AEB3EFA-25A2-40F8-8E89-0503A95486A2}.Debug|x64.Build.0 = Debug|x64
		{6AEB3EFA-25A2-40F8-8E89-0503A95486A2}.Debug|x86.ActiveCfg = Debug|Win32
		{6AEB3EFA-25A2-40F8-8E89-0503A95486A2}.Debug|x86.Build.0 = Debug|Win32
		{6AEB3EFA-25A2-40F8-8E89-0503A95486A2}.Release|x64.ActiveCfg = Release|x64
		{6AEB3EFA-25A2-40F8-8E89-0503A95486A2}.Release|x64.Build.0 = Release|x64
		{6AEB3EFA-25A2-40F8-8E89-0503A95486A2}.Release|x86.ActiveCfg = Release|Win32
		{6AEB3EFA-25A2-40F8-8E89-0503A95486A2}.Release|x86.Build.0 = Release|Win32
		{31EDA355-50B8-487D-89C3-19D2D9570CC0}.Debug|x64.ActiveCfg = Debug|x64
		{31EDA355-50B8-487D-89C3-19D2D9570CC0}.Debug|x64.Build.0 = Debug|x64
		{31EDA355-50B8-487D-89C3-19D2D9570CC0}.Debug|x86.ActiveCfg = Debug|Win32
		{31EDA355-50B8-487D-89C3-19D2D9570CC0}.Debug|x86.Build.0 = Debug|Win32
		{31EDA355-50B8-487D-89C3-19D2D9570CC0}.Release|x64.ActiveCfg = Release|x64
		{31EDA355-50B8-487D-89C3-19D2D9570CC0}.Release|x64.Build.0 = Release|x64
		{31EDA355-50B8-487D-89C3-19D2D9570CC0}.Release|x86.ActiveCfg = Release|Win32
		{31EDA355-50B8-487D-89C3-19D2D9570CC0}.Release|x86.Build.0 = Release|Win32
		{7D8E3163-F698-47A1-B9BE-42B0B2A7CA6B}.Debug|x64.ActiveCfg = Debug|x64
		{7D8E3163-F698-47A1-B9BE-42B0B2A7CA6B}.Debug|x64.Build.0 = Debug|x64
		{7D8E3163-F698-47A1-B9BE-42B0B2A7CA6B}.Debug|x86.ActiveCfg = Debug|Win32
		{7D8E3163-F698-47A1-B9BE-42B0B2A7CA6B}.Debug|x86.Build.0 = Debug|Win32
		{7D8E3163-F698-47A1-B9BE-42B0B2A7CA6B}.Release|x64.ActiveCfg = Release|x64
		{7D8E3163-F698-47A1-B9BE-42B0B2A7CA6B}.Release|x64.Build.0 = Release|x64
		{7D8E3163-F698-47A1-B9BE-42B0B2A7CA6B}.Release|x86.ActiveCfg = Release|Win32
		{7D8E3163-F698-47A1-B9BE-42B0B2A7CA6B}.Release|x86.Build.0 = Release|Win32
		{7A169140-6098-4B55-B21E-6428BACBE3AD}.Debug|x64.ActiveCfg = Debug|x64
		{7A169140-6098-4B55-B21E-6428BACBE3AD}.Debug|x64.Build.0 = Debug|x64
		{7A169140-6098-4B55-B21E-6428BACBE3AD}.Debug|x86.ActiveCfg = Debug|Win32
		{7A169140-6098-4B55-B21E-6428BACBE3AD}.Debug|x86.Build.0 = Debug|Win32
		{7A169140-6098-4B55-B21E-6428BACBE3AD}.Release|x64.ActiveCfg = Release|x64
		{7A169140-6098-4B55-B21E-6428BACBE3AD}.Release|x64.Build.0 = Release|x64
		{7A169140-6098-4B55-B21E-6428BACBE3AD}.Release|x86.ActiveCfg = Release|Win32
		{7A169140-6098-4B55-B21E-6428BACBE3AD}.Release|x86.Build.0 = Release|Win32
		{BBD03785-5664-4FD4-B97C-6F3506951721}.Debug|x64.ActiveCfg = Debug|x64
		{BBD03785-5664-4FD4-B97C-6F3506951721}.Debug|x64.Build.0 = Debug|x64
		{BBD03785-5664-4FD4-B97C-6F3506951721}.Debug|x86.ActiveCfg = Debug|Win32
		{BBD03785-5664-4FD4-B97C-6F3506951721}.Debug|x86.Build.0 = Debug|Win32
		{BBD03785-5664-4FD4-B97C-6F3506951721}.Release|x64.ActiveCfg = Release|x64
		{BBD03785-5664-4FD4-B97C-6F3506951721}.Release|x64.Build.0 = Release|x64
		{BBD03785-5664-4FD4-B97C-6F3506951721}.Release|x86.ActiveCfg = Release|Win32
		{BBD03785-5664-4FD4-B97C-6F3506951721}.Release|x86.Build.0 = Release|Win32
		{309E1769-04F2-4740-8819-5A4663C1C188}.Debug|x64.ActiveCfg = Debug|x64
		{309E1769-04F2-4740-8819-5A4663C1C188}.Debug|x64.Build.0 = Debug|x64
		{309E1769-04F2-4740-8819-5A4663C1C188}.Debug|x86.ActiveCfg = Debug|Win32
		{309E1769-04F2-4740-8819-5A4663C1C188}.Debug|x86.Build.0 = Debug|Win32
		{309E1769-04F2-4740-8819-5A4663C1C188}.Release|x64.ActiveCfg = Release|x64
		{309E1769-04F2-4740-8819-5A4663C1C188}.Release|x64.Build.0 = Release|x64
		{309E1769-04F2-4740-8819-5A4663C1C188}.Release|x86.ActiveCfg = Release|Win32
		{309E1769-04F2-4740-8819-5A4663C1C188}.Release|x86.Build.0 = Release|Win32
		{DFD14490-B78B-4440-975C-C2DCDCA68216}.Debug|x64.ActiveCfg = Debug|x64
		{DFD14490-B78B-4440-975C-C2DCDCA68216}.Debug|x64.Build.0 = Debug|x64
		{DFD14490-B78B-4440-975C-C2DCDCA68216}.Debug|x86.ActiveCfg = Debug|Win32
		{DFD14490-B78B-4440-975C-C2DCDCA68216}.Debug|x86.Build.0 = Debug|Win32
		{DFD14490-B78B-4440-975C-C2DCDCA68216}.Release|x64.ActiveCfg = Release|x64
		{DFD14490-B78B-4440-975C-C2DCDCA68216}.Release|x64.Build.0 = Release|x64
		{DFD14490-B78B-4440-975C-C2DCDCA68216}.Release|x86.ActiveCfg = Release|Win32
		{DFD14490-B78B-4440-975C-C2DCDCA68216}.Release|x86.Build.0 = Release|Win32
		{9CD74C24-C148-4598-8EAC-B258D00CAB16}.Debug|x64.ActiveCfg = Debug|x64
		{9CD74C24-C148-4598-8EAC-B258D00CAB16}.Debug|x64.Build.0 = Debug|x64
		{9CD74C24-C148-4598-8EAC-B258D00CAB16}.Debug|x86.ActiveCfg = Debug|Win32
		{9CD74C24-C148-4598-8EAC-B258D00CAB16}.Debug|x86.Build.0 = Debug|Win32
		{9CD74C24-C148-4598-8EAC-B258D00CAB16}.Release|x64.ActiveCfg = Release|x64
		{9CD74C24-C148-4598-8EAC-B258D00CAB16}.Release|x64.Build.0 = Release|x64
		{9CD74C24-C148-4598-8EAC-B258D00CAB16}.Release|x86.ActiveCfg = Release|Win32
		{9CD74C24-C148-4598-8EAC-B258D00CAB16}.Release|x86.Build.0 = Release|Win32
		{4E36F6A7-0CD6-4DCD-9246-D081E9D9AC6A}.Debug|x64.ActiveCfg = Debug|x64
		{4E36F6A7-0CD6-4DCD-9246-D081E9D9AC6A}.Debug|x64.Build.0 = Debug|x64
		{4E36F6A7-0CD6-4DCD-9246-D081E9D9AC6A}.Debug|x86.ActiveCfg = Debug|Win32
		{4E36F6A7-0CD6-4DCD-9246-D081E9D9AC6A}.Debug|x86.Build.0 = Debug|Win32
		{4E36F6A7-0CD6-4DCD-9246-D081E9D9AC6A}.Release|x64.ActiveCfg = Release|x64
		{4E36F6A7-0CD6-4DCD-9246-D081E9D9AC6A}.Release|x64.Build.0 = Release|x64
		{4E36F6A7-0CD6-4DCD-9246-D081E9D9AC6A}.Release|x86.ActiveCfg = Release|Win32
		{4E36F6A7-0CD6-4DCD-9246-D081E9D9AC6A}.Release|x86.Build.0 = Release|Win32
		{DDA84B7D-D7EC-4C7D-9130-FF39D21CD78A}.Debug|x64.ActiveCfg = Debug|x64
		{DDA84B7D-D7EC-4C7D-9130-FF39D21CD78A}.Debug|x64.Build.0 = Debug|x64
		{DDA84B7D-D7EC-4C7D-9130-FF39D21CD78A}.Debug|x86.ActiveCfg = Debug|Win32
		{DDA84B7D-D7EC-4C7D-9130-FF39D21CD78A}.Debug|x86.Build.0 = Debug|Win32
		{DDA84B7D-D7EC-4C7D-9130-FF39D21CD78A}.Release|x64.ActiveCfg = Release|x64
		{DDA84B7D-D7EC-4C7D-9130-FF39D21CD78A}.Release|x64.Build.0 = Release|x64
		{DDA84B7D-D7EC-4C7D-9130-FF39D21CD78A}.Release|x86.ActiveCfg = Release|Win32
		{DDA84B7D-D7EC-4C7D-9130-FF39D21CD78A}.Release|x86.Build.0 = Release|Win32
		{5E2B1456-52F5-4797-9892-986156AFF373}.Debug|x64.ActiveCfg = Debug|x64
		{5E2B1456-52F5-4797-9892-986156AFF373}.Debug|x64.Build.0 = Debug|x64
		{5E2B1456-52F5-4797-9892-986156AFF373}.Debug|x86.ActiveCfg = Debug|Win32
		{5E2B1456-52F5-4797-9892-986156AFF373}.Debug|x86.Build.0 = Debug|Win32
		{5E2B1456-52F5-4797-9892-986156AFF373}.Release|x64.ActiveCfg = Release|x64
		{5E2B1456-52F5-4797-9892-986156AFF373}.Release|x64.Build.0 = Release|x64
		{5E2B1456-52F5-4797-9892-986156AFF373}.Release|x86.ActiveCfg = Release|Win32
		{5E2B1456-52F5-4797-9892-986156AFF373}.Release|x86.Build.0 = Release|Win32
		{EB879860-D46A-4BE7-8209-C10A82DCF468}.Debug|x64.ActiveCfg = Debug|x64
		{EB879860-D46A-4BE7-8209-C10A82DCF468}.Debug|x64.Build.0 = Debug|x64
		{EB879860-D46A-4BE7-8209-C10A82DCF468}.Debug|x86.ActiveCfg = Debug|Win32
		{EB879860-D46A-4BE7-8209-C10A82DCF468}.Debug|x86.Build.0 = Debug|Win32
		{EB879860-D46A-4BE7-8209-C10A82DCF468}.Release|x64.ActiveCfg = Release|x64
		{EB879860-D46A-4BE7-8209-C10A82DCF468}.Release|x64.Build.0 = Release|x64
		{EB879860-D46A-4BE7-8209-C10A82DCF468}.Release|x86.ActiveCfg = Release|Win32
		{EB879860-D46A-4BE7-8209-C10A82DCF468}.Release|x86.Build.0 = Release|Win32
		{22AAD266-9EBD-440C-B78F-95488F09A813}.Debug|x64.ActiveCfg = Debug|x64
		{22AAD266-9EBD-440C-B78F-95488F09A813}.Debug|x64.Build.0 = Debug|x64
		{22AAD266-9EBD-440C-B78F-95488F09A813}.Debug|x86.ActiveCfg = Debug|Win32
		{22AAD266-9EBD-440C-B78F-95488F09A813}.Debug|x86.Build.0 = Debug|Win32
		{22AAD266-9EBD-440C-B78F-95488F09A813}.Release|x64.ActiveCfg = Release|x64
		{22AAD266-9EBD-440C-B78F-95488F09A813}.Release|x64.Build.0 = Release|x64
		{22AAD266-9EBD-440C-B78F-95488F09A813}.Release|x86.ActiveCfg = Release|Win32
		{22AAD266-9EBD-440C-B78F-95488F09A813}.Release|x86.Build.0 = Release|Win32
		{B9EF0B98-0AA6-4269-B752-A6CF7D4AEB67}.Debug|x64.ActiveCfg = Debug|x64
		{B9EF0B98-0AA6-4269-B752-A6CF7D4AEB67}.Debug|x64.Build.0 = Debug|x64
		{B9EF0B98-0AA6-4269-B752-A6CF7D4AEB67}.Debug|x86.ActiveCfg = Debug|Win32
		{B9EF0B98-0AA6-4269-B752-A6CF7D4AEB67}.Debug|x86.Build.0 = Debug|Win32
		{B9EF0B98-0AA6-4269-B752-A6CF7D4AEB67}.Release|x64.ActiveCfg = Release|x64
		{B9EF0B98-0AA6-4269-B752-A6CF7D4AEB67}.Release|x64.Build.0 = Release|x64
		{B9EF0B98-0AA6-4269-B752-A6CF7D4AEB67}.Release|x86.ActiveCfg = Release|Win32
		{B9EF0B98-0AA6-4269-B752-A6CF7D4AEB67}.Release|x86.Build.0 = Release|Win32
		{9CDE95E6-C016-4958-8162-5B6BC3B69B3F}.Debug|x64.ActiveCfg = Debug|x64
		{9CDE95E6-C016-4958-8162-5B6BC3B69B3F}.Debug|x64.Build.0 = Debug|x64
		{9CDE95E6-C016-4958-8162-5B6BC3B69B3F}.Debug|x86.ActiveCfg = Debug|Win32
		{9CDE95E6-C016-4958-8162-5B6BC3B69B3F}.Debug|x86.Build.0 = Debug|Win32
		{9CDE95E6-C016-4958-8162-5B6BC3B69B3F}.Release|x64.ActiveCfg = Release|x64
		{9CDE95E6-C016-4958-8162-5B6BC3B69B3F}.Release|x64.Build.0 = Release|x64
		{9CDE95E6-C016-4958-8162-5B6BC3B69B3F}.Release|x86.ActiveCfg = Release|Win32
		{9CDE95E6-C016-4958-8162-5B6BC3B69B3F}.Release|x86.Build.0 = Release|Win32
		{E9FBE4B5-06F3-4309-B973-764DD2269EF8}.Debug|x64.ActiveCfg = Debug|x64
		{E9FBE4B5-06F3-4309-B973-764DD2269EF8}.Debug|x64.Build.0 = Debug|x64
		{E9FBE4B5-06F3-4309-B973-764DD2269EF8}.Debug|x86.ActiveCfg = Debug|Win32
		{E9FBE4B5-06F3-4309-B973-764DD2269EF8}.Debug|x86.Build.0 = Debug|Win32
		{E9FBE4B5-06F3-4309-B973-764DD2269EF8}.Release|x64.ActiveCfg = Release|x64
		{E9FBE4B5-06F3-4309-B973-764DD2269EF8}.Release|x64.Build.0 = Release|x64
		{E9FBE4B5-06F3-4309-B973-764DD2269EF8}.Release|x86.ActiveCfg = Release|Win32
		{E9FBE4B5-06F3-4309-B973-764DD2269EF8}.Release|x86.Build.0 = Release|Win32
		{F3DDA066-99BB-43E3-B769-9B9890F9D6A3}.Debug|x64.ActiveCfg = Debug|x64
		{F3DDA066-99BB-43E3-B769-9B9890F9D6A3}.Debug|x64.Build.0 = Debug|x64
		{F3DDA066-99BB-43E3-B769-9B9890F9D6A3}.Debug|x86.ActiveCfg = Debug|Win32
		{F3DDA066-99BB-43E3-B769-9B9890F9D6A3}.Debug|x86.Build.0 = Debug|Win32
		{F3DDA066-99BB-43E3-B769-9B9890F9D6A3}.Release|x64.ActiveCfg = Release|x64
		{F3DDA066-99BB-43E3-B769-9B9890F9D6A3}.Release|x64.Build.0 = Release|x64
		{F3DDA066-99BB-43E3-B769-9B9890F9D6A3}.Release|x86.ActiveCfg = Release|Win32
		{F3DDA066-99BB-43E3-B769-9B9890F9D6A3}.Release|x86.Build.0 = Release|Win32
		{0F0DB875-F0DA-4D22-9DA2-D52ACA2C670B}.Debug|x64.ActiveCfg = Debug|x64
		{0F0DB875-F0DA-4D22-9DA2-D52ACA2C670B}.Debug|x64.Build.0 = Debug|x64
		{0F0DB875-F0DA-4D22-9DA2-D52ACA2C670B}.Debug|x86.ActiveCfg = Debug|Win32
		{0F0DB875-F0DA-4D22-9DA2-D52ACA2C670B}.Debug|x86.Build.0 = Debug|Win32
		{0F0DB875-F0DA-4D22-9DA2-D52ACA2C670B}.Release|x64.ActiveCfg = Release|x64
		{0F0DB875-F0DA-4D22-9DA2-D52ACA2C670B}.Release|x64.Build.0 = Release|x64
		{0F0DB875-F0DA-4D22-9DA2-D52ACA2C670B}.Release|x86.ActiveCfg = Release|Win32
		{0F0DB875-F0DA-4D22-9DA2-D52ACA2C670B}.Release|x86.Build.0 = Release|Win32
		{3D1C38F4-3945-484F-A98F-390F6892B165}.Debug|x64.ActiveCfg = Debug|x64
		{3D1C38F4-3945-484F-A98F-390F6892B165}.Debug|x64.Build.0 = Debug|x64
		{3D1C38F4-3945-484F-A98F-390F6892B165}.Debug|x86.ActiveCfg = Debug|Win32
		{3D1C38F4-3945-484F-A98F-390F6892B165}.Debug|x86.Build.0 = Debug|Win32
		{3D1C38F4-3945-484F-A98F-390F6892B165}.Release|x64.ActiveCfg = Release|x64
		{3D1C38F4-3945-484F-A98F-390F6892B165}.Release|x64.Build.0 = Release|x64
		{3D1C38F4-3945-484F-A98F-390F6892B165}.Release|x86.ActiveCfg = Release|Win32
		{3D1C38F4-3945-484F-A98F-390F6892B165}.Release|x86.Build.0 = Release|Win32
		{CCC74F55-95B3-4DBD-A02D-88FFF15EBE71}.Debug|x64.ActiveCfg = Debug|x64
		{CCC74F55-95B3-4DBD-A02D-88FFF15EBE71}.Debug|x64.Build.0 = Debug|x64
		{CCC74F55-95B3-4DBD-A02D-88FFF15EBE71}.Debug|x86.ActiveCfg = Debug|Win32
		{CCC74F55-95B3-4DBD-A02D-88FFF15EBE71}.Debug|x86.Build.0 = Debug|Win32
		{CCC74F55-95B3-4DBD-A02D-88FFF15EBE71}.Release|x64.ActiveCfg = Release|x64
		{CCC74F55-95B3-4DBD-A02D-88FFF15EBE71}.Release|x64.Build.0 = Release|x64
		{CCC74F55-95B3-4DBD-A02D-88FFF15EBE71}.Release|x86.ActiveCfg = Release|Win32
		{CCC74F55-95B3-4DBD-A02D-88FFF15EBE71}.Release|x86.Build.0 = Release|Win32
		{5F54B3F7-007B-4528-8FEA-785DDE6ADE48}.Debug|x64.ActiveCfg = Debug|x64
		{5F54B3F7-007B-4528-8FEA-785DDE6ADE48}.Debug|x64.Build.0 = Debug|x64
		{5F54B3F7-007B-4528-8FEA-785DDE6ADE48}.Debug|x86.ActiveCfg = Debug|Win32
		{5F54B3F7-007B-4528-8FEA-785DDE6ADE48}.Debug|x86.Build.0 = Debug|Win32
		{5F54B3F7-007B-4528-8FEA-785DDE6ADE48}.Release|x64.ActiveCfg = Release|x64
		{5F54B3F7-007B-4528-8FEA-785DDE6ADE48}.Release|x64.Build.0 = Release|x64
		{5F54B3F7-007B-4528-8FEA-785DDE6ADE48}.Release|x86.ActiveCfg = Release|Win32
		{5F54B3F7-007B-4528-8FEA-785DDE6ADE48}.Release|x86.Build.0 = Release|Win32
		{66DBDA61-0C09-43C6-933B-578DEB74FA3C}.Debug|x64.ActiveCfg = Debug|x64
		{66DBDA61-0C09-43C6-933B-578DEB74FA3C}.Debug|x64.Build.0 = Debug|x64
		{66DBDA61-0C09-43C6-933B-578DEB74FA3C}.Debug|x86.ActiveCfg = Debug|Win32
		{66DBDA61-0C09-43C6-933B-578DEB74FA3C}.Debug|x86.Build.0 = Debug|Win32
		{66DBDA61-0C09-43C6-933B-578DEB74FA3C}.Release|x64.ActiveCfg = Release|x64
		{66DBDA61-0C09-43C6-933B-578DEB74FA3C}.Release|x64.Build.0 = Release|x64
		{66DBDA61-0C09-43C6-933B-578DEB74FA3C}.Release|x86.ActiveCfg = Release|Win32
		{66DBDA61-0C09-43C6-933B-578DEB74FA3C}.Release|x86.Build.0 = Release|Win32
		{73A0A084-EE2A-477D-9DED-86FF09CE007E}.Debug|x64.ActiveCfg = Debug|x64
		{73A0A084-EE2A-477D-9DED-86FF09CE007E}.Debug|x64.Build.0 = Debug|x64
		{73A0A084-EE2A-477D-9DED-86FF09CE007E}.Debug|x86.ActiveCfg = Debug|Win32
		{73A0A084-EE2A-477D-9DED-86FF09CE007E}.Debug|x86.Build.0 = Debug|Win32
		{73A0A084-EE2A-477D-9DED-86FF09CE007E}.Release|x64.ActiveCfg = Release|x64
		{73A0A084-EE2A-477D-9DED-86FF09CE007E}.Release|x64.Build.0 = Release|x64
		{73A0A084-EE2A-477D-9DED-86FF09CE007E}.Release|x86.ActiveCfg = Release|Win32
		{73A0A084-EE2A-477D-9DED-86FF09CE007E}.Release|x86.Build.0 = Release|Win32
		{42CFD3B3-8CEA-4EF7-B29F-1F1CE6485A31}.Debug|x64.ActiveCfg = Debug|x64
		{42CFD3B3-8CEA-4EF7-B29F-1F1CE6485A31}.Debug|x64.Build.0 = Debug|x64
		{42CFD3B3-8CEA-4EF7-B29F-1F1CE6485A31}.Debug|x86.ActiveCfg = Debug|Win32
		{42CFD3B3-8CEA-4EF7-B29F-1F1CE6485A31}.Debug|x86.Build.0 = Debug|Win32
		{42CFD3B3-8CEA-4EF7-B29F-1F1CE6485A31}.Release|x64.ActiveCfg = Release|x64
		{42CFD3B3-8CEA-4EF7-B29F-1F1CE6485A31}.Release|x64.Build.0 = Release|x64
		{42CFD3B3-8CEA-4EF7-B29F-1F1CE6485A31}.Release|x86.ActiveCfg = Release|Win32
		{42CFD3B3-8CEA-4EF7-B29F-1F1CE6485A31}.Release|x86.Build.0 = Release|Win32
		{CB20D659-A0F3-4247-A3FB-D573BF9E8E97}.Debug|x64.ActiveCfg = Debug|x64
		{CB20D659-A0F3-4247-A3FB-D573BF9E8E97}.Debug|x64.Build.0 = Debug|x64
		{CB20D659-A0F3-4247-A3FB-D573BF9E8E97}.Debug|x86.ActiveCfg = Debug|Win32
		{CB20D659-A0F3-4247-A3FB-D573BF9E8E97}.Debug|x86.Build.0 = Debug|Win32
		{CB20D659-A0F3-4247-A3FB-D573BF9E8E97}.Release|x64.ActiveCfg = Release|x64
		{CB20D659-A0F3-4247-A3FB-D573BF9E8E97}.Release|x64.Build.0 = Release|x64
		{CB20D659-A0F3-4247-A3FB-D573BF9E8E97}.Release|x86.ActiveCfg = Release|Win32
		{CB20D659-A0F3-4247-A3FB-D573BF9E8E97}.Release|x86.Build.0 = Release|Win32
		{FB6FAEB5-F67B-40E4-BCCF-EA68B5185DE8}.Debug|x64.ActiveCfg = Debug|x64
		{FB6FAEB5-F67B-40E4-BCCF-EA68B5185DE8}.Debug|x64.Build.0 = Debug|x64
		{FB6FAEB5-F67B-40E4-BCCF-EA68B5185DE8}.Debug|x86.ActiveCfg = Debug|Win32
		{FB6FAEB5-F67B-40E4-BCCF-EA68B5185DE8}.Debug|x86.Build.0 = Debug|Win32
		{FB6FAEB5-F67B-40E4-BCCF-EA68B5185DE8}.Release|x64.ActiveCfg = Release|x64
		{FB6FAEB5-F67B-40E4-BCCF-EA68B5185DE8}.Release|x64.Build.0 = Release|x64
		{FB6FAEB5-F67B-40E4-BCCF-EA68B5185DE8}.Release|x86.ActiveCfg = Release|Win32
		{FB6FAEB5-F67B-40E4-BCCF-EA68B5185DE8}.Release|x86.Build.0 = Release|Win32
		{BA38DEED-40C3-4004-A53B-27BA7FC387B9}.Debug|x64.ActiveCfg = Debug|x64
		{BA38DEED-40C3-4004-A53B-27BA7FC387B9}.Debug|x64.Build.0 = Debug|x64
		{BA38DEED-40C3-4004-A53B-27BA7FC387B9}.Debug|x86.ActiveCfg = Debug|Win32
		{BA38DEED-40C3-4004-A53B-27BA7FC387B9}.Debug|x86.Build.0 = Debug|Win32
		{BA38DEED-40C3-4004-A53B-27BA7FC387B9}.Release|x64.ActiveCfg = Release|x64
		{BA38DEED-40C3-4004-A53B-27BA7FC387B9}.Release|x64.Build.0 = Release|x64
		{BA38DEED-40C3-4004-A53B-27BA7FC387B9}.Release|x86.ActiveCfg = Release|Win32
		{BA38DEED-40C3-4004-A53B-27BA7FC387B9}.Release|x86.Build.0 = Release|Win32
		{27523FDE-0ED3-417D-96A9-31972FD0EB37}.Debug|x64.ActiveCfg = Debug|x64
		{27523FDE-0ED3-417D-96A9-31972FD0EB37}.Debug|x64.Build.0 = Debug|x64
		{27523FDE-0ED3-417D-96A9-31972FD0EB37}.Debug|x86.ActiveCfg = Debug|Win32
		{27523FDE-0ED3-417D-96A9-31972FD0EB37}.Debug|x86.Build.0 = Debug|Win32
		{27523FDE-0ED3-417D-96A9-31972FD0EB37}.Release|x64.ActiveCfg = Release|x64
		{27523FDE-0ED3-417D-96A9-31972FD0EB37}.Release|x64.Build.0 = Release|x64
		{27523FDE-0ED3-417D-96A9-31972FD0EB37}.Release|x86.ActiveCfg = Release|Win32
		{27523FDE-0ED3-417D-96A9-31972FD0EB37}.Release|x86.Build.0 = Release|Win32
		{C69ADEC0-E052-4B94-BFCD-FBB35936C4EA}.Debug|x64.ActiveCfg = Debug|x64
		{C69ADEC0-E052-4B94-BFCD-FBB35936C4EA}.Debug|x64.Build.0 = Debug|x64
		{C69ADEC0-E052-4B94-BFCD-FBB35936C4EA}.Debug|x86.ActiveCfg = Debug|Win32
		{C69ADEC0-E052-4B94-BFCD-FBB35936C4EA}.Debug|x86.Build.0 = Debug|Win32
		{C69ADEC0-E052-4B94-BFCD-FBB35936C4EA}.Release|x64.ActiveCfg = Release|x64
		{C69ADEC0-E052-4B94-BFCD-FBB35936C4EA}.Release|x64.Build.0 = Release|x64
		{C69ADEC0-E052-4B94-BFCD-FBB35936C4EA}.Release|x86.ActiveCfg = Release|Win32
		{C69ADEC0-E052-4B94-BFCD-FBB35936C4EA}.Release|x86.Build.0 = Release|Win32
		{574B8357-A0B5-4553-9C75-9EB14A4C45FC}.Debug|x64.ActiveCfg = Debug|x64
		{574B8357-A0B5-4553-9C75-9EB14A4C45FC}.Debug|x64.Build.0 = Debug|x64
		{574B8357-A0B5-4553-9C75-9EB14A4C45FC}.Debug|x86.ActiveCfg = Debug|Win32
		{574B8357-A0B5-4553-9C75-9EB14A4C45FC}.Debug|x86.Build.0 = Debug|Win32
		{574B8357-A0B5-4553-9C75-9EB14A4C45FC}.Release|x64.ActiveCfg = Release|x64
		{574B8357-A0B5-4553-9C75-9EB14A4C45FC}.Release|x64.Build.0 = Release|x64
		{574B8357-A0B5-4553-9C75-9EB14A4C45FC}.Release|x86.ActiveCfg = Release|Win32
		{574B8357-A0B5-4553-9C75-9EB14A4C45FC}.Release|x86.Build.0 = Release|Win32
		{264D6BB3-F2F7-45D3-8BBA-E3CBFF2771A9}.Debug|x64.ActiveCfg = Debug|x64
		{264D6BB3-F2F7-45D3-8BBA-E3CBFF2771A9}.Debug|x64.Build.0 = Debug|x64
		{264D6BB3-F2F7-45D3-8BBA-E3CBFF2771A9}.Debug|x86.ActiveCfg = Debug|Win32
		{264D6BB3-F2F7-45D3-8BBA-E3CBFF2771A9}.Debug|x86.Build.0 = Debug|Win32
		{264D6BB3-F2F7-45D3-8BBA-E3CBFF2771A9}.Release|x64.ActiveCfg = Release|x64
		{264D6BB3-F2F7-45D3-8BBA-E3CBFF2771A9}.Release|x64.Build.0 = Release|x64
		{264D6BB3-F2F7-45D3-8BBA-E3CBFF2771A9}.Release|x86.ActiveCfg = Release|Win32
		{264D6BB3-F2F7-45D3-8BBA-E3CBFF2771A9}.Release|x86.Build.0 = Release|Win32
		{F825CBED-5D71-4767-AD8B-AD4F0DE6142A}.Debug|x64.ActiveCfg = Debug|x64
		{F825CBED-5D71-4767-AD8B-AD4F0DE6142A}.Debug|x64.Build.0 = Debug|x64
		{F825CBED-5D71-4767-AD8B-AD4F0DE6142A}.Debug|x86.ActiveCfg = Debug|Win32
		{F825CBED-5D71-4767-AD8B-AD4F0DE6142A}.Debug|x86.Build.0 = Debug|Win32
		{F825CBED-5D71-4767-AD8B-AD4F0DE6142A}.Release|x64.ActiveCfg = Release|x64
		{F825CBED-5D71-4767-AD8B-AD4F0DE6142A}.Release|x64.Build.0 = Release|x64
		{F825CBED-5D71-4767-AD8B-AD4F0DE6142A}.Release|x86.ActiveCfg = Release|Win32
		{F825CBED-5D71-4767-AD8B-AD4F0DE6142A}.Release|x86.Build.0 = Release|Win32
		{7981E743-AAB1-44FC-885D-05F12E6D8EBB}.Debug|x64.ActiveCfg = Debug|x64
		{7981E743-AAB1-44FC-885D-05F12E6D8EBB}.Debug|x64.Build.0 = Debug|x64
		{7981E743-AAB1-44FC-885D-05F12E6D8EBB}.Debug|x86.ActiveCfg = Debug|Win32
		{7981E743-AAB1-44FC-885D-05F12E6D8EBB}.Debug|x86.Build.0 = Debug|Win32
		{7981E743-AAB1-44FC-885D-05F12E6D8EBB}.Release|x64.ActiveCfg = Release|x64
		{7981E743-AAB1-44FC-885D-05F12E6D8EBB}.Release|x64.Build.0 = Release|x64
		{7981E743-AAB1-44FC-885D-05F12E6D8EBB}.Release|x86.ActiveCfg = Release|Win32
		{7981E743-AAB1-44FC-885D-05F12E6D8EBB}.Release|x86.Build.0 = Release|Win32
		{0C6F6983-55D6-436D-8401-13C7B275AC95}.Debug|x64.ActiveCfg = Debug|x64
		{0C6F6983-55D6-436D-8401-13C7B275AC95}.Debug|x64.Build.0 = Debug|x64
		{0C6F6983-55D6-436D-8401-13C7B275AC95}.Debug|x86.ActiveCfg = Debug|Win32
		{0C6F6983-55D6-436D-8401-13C7B275AC95}.Debug|x86.Build.0 = Debug|Win32
		{0C6F6983-55D6-436D-8401-13C7B275AC95}.Release|x64.ActiveCfg = Release|x64
		{0C6F6983-55D6-436D-8401-13C7B275AC95}.Release|x64.Build.0 = Release|x64
		{0C6F6983-55D6-436D-8401-13C7B275AC95}.Release|x86.ActiveCfg = Release|Win32
		{0C6F6983-55D6-436D-8401-13C7B275AC95}.Release|x86.Build.0 = Release|Win32
		{BEE3AE30-847C-4E80-8F62-7DDF4EDF27CD}.Debug|x64.ActiveCfg = Debug|x64
		{BEE3AE30-847C-4E80-8F62-7DDF4EDF27CD}.Debug|x64.Build.0 = Debug|x64
		{BEE3AE30-847C-4E80-8F62-7DDF4EDF27CD}.Debug|x86.ActiveCfg = Debug|Win32
		{BEE3AE30-847C-4E80-8F62-7DDF4EDF27CD}.Debug|x86.Build.0 = Debug|Win32
		{BEE3AE30-847C-4E80-8F62-7DDF4EDF27CD}.Release|x64.ActiveCfg = Release|x64
		{BEE3AE30-847C-4E80-8F62-7DDF4EDF27CD}.Release|x64.Build.0 = Release|x64
		{BEE3AE30-847C-4E80-8F62-7DDF4EDF27CD}.Release|x86.ActiveCfg = Release|Win32
		{BEE3AE30-847C-4E80-8F62-7DDF4EDF27CD}.Release|x86.Build.0 = Release|Win32
		{839F1657-A925-4B5B-9DA0-16D053FA1C84}.Debug|x64.ActiveCfg = Debug|x64
		{839F1657-A925-4B5B-9DA0-16D053FA1C84}.Debug|x64.Build.0 = Debug|x64
		{839F1657-A925-4B5B-9DA0-16D053FA1C84}.Debug|x86.ActiveCfg = Debug|Win32
		{839F1657-A925-4B5B-9DA0-16D053FA1C84}.Debug|x86.Build.0 = Debug|Win32
		{839F1657-A925-4B5B-9DA0-16D053FA1C84}.Release|x64.ActiveCfg = Release|x64
		{839F1657-A925-4B5B-9DA0-16D053FA1C84}.Release|x64.Build.0 = Release|x64
		{839F1657-A925-4B5B-9DA0-16D053FA1C84}.Release|x86.ActiveCfg = Release|Win32
		{839F1657-A925-4B5B-9DA0-16D053FA1C84}.Release|x86.Build.0 = Release|Win32
		{518E38D6-8357-4F2B-B52E-8FBAF290F665}.Debug|x64.ActiveCfg = Debug|x64
		{518E38D6-8357-4F2B-B52E-8FBAF290F665}.Debug|x64.Build.0 = Debug|x64
		{518E38D6-8357-4F2B-B52E-8FBAF290F665}.Debug|x86.ActiveCfg = Debug|Win32
		{518E38D6-8357-4F2B-B52E-8FBAF290F665}.Debug|x86.Build.0 = Debug|Win32
		{518E38D6-8357-4F2B-B52E-8FBAF290F665}.Release|x64.ActiveCfg = Release|x64
		{518E38D6-8357-4F2B-B52E-8FBAF290F665}.Release|x64.Build.0 = Release|x64
		{518E38D6-8357-4F2B-B52E-8FBAF290F665}.Release|x86.ActiveCfg = Release|Win32
		{518E38D6-8357-4F2B-B52E-8FBAF290F665}.Release|x86.Build.0 = Release|Win32
		{E9BCC137-4410-42A5-93F0-A77FEEBC3A73}.Debug|x64.ActiveCfg = Debug|x64
		{E9BCC137-4410-42A5-93F0-A77FEEBC3A73}.Debug|x64.Build.0 = Debug|x64
		{E9BCC137-4410-42A5-93F0-A77FEEBC3A73}.Debug|x86.ActiveCfg = Debug|Win32
		{E9BCC137-4410-42A5-93F0-A77FEEBC3A73}.Debug|x86.Build.0 = Debug|Win32
		{E9BCC137-4410-42A5-93F0-A77FEEBC3A73}.Release|x64.ActiveCfg = Release|x64
		{E9BCC137-4410-42A5-93F0-A77FEEBC3A73}.Release|x64.Build.0 = Release|x64
		{E9BCC137-4410-42A5-93F0-A77FEEBC3A73}.Release|x86.ActiveCfg = Release|Win32
		{E9BCC137-4410-42A5-93F0-A77FEEBC3A73}.Release|x86.Build.0 = Release|Win32
		{84DE3AE7-1E7B-4B43-BC21-F8DE46277221}.Debug|x64.ActiveCfg = Debug|x64
		{84DE3AE7-1E7B-4B43-BC21-F8DE46277221}.Debug|x64.Build.0 = Debug|x64
		{84DE3AE7-1E7B-4B43-BC21-F8DE46277221}.Debug|x86.ActiveCfg = Debug|Win32
		{84DE3AE7-1E7B-4B43-BC21-F8DE46277221}.Debug|x86.Build.0 = Debug|Win32
		{84DE3AE7-1E7B-4B43-BC21-F8DE46277221}.Release|x64.ActiveCfg = Release|x64
		{84DE3AE7-1E7B-4B43-BC21-F8DE46277221}.Release|x64.Build.0 = Release|x64
		{84DE3AE7-1E7B-4B43-BC21-F8DE46277221}.Release|x86.ActiveCfg = Release|Win32
		{84DE3AE7-1E7B-4B43-BC21-F8DE46277221}.Release|x86.Build.0 = Release|Win32
		{9B593936-B31B-4A3E-8CE6-E0820573BA98}.Debug|x64.ActiveCfg = Debug|x64
		{9B593936-B31B-4A3E-8CE6-E0820573BA98}.Debug|x64.Build.0 = Debug|x64
		{9B593936-B31B-4A3E-8CE6-E0820573BA98}.Debug|x86.ActiveCfg = Debug|Win32
		{9B593936-B31B-4A3E-8CE6-E0820573BA98}.Debug|x86.Build.0 = Debug|Win32
		{9B593936-B31B-4A3E-8CE6-E0820573BA98}.Release|x64.ActiveCfg = Release|x64
		{9B593936-B31B-4A3E-8CE6-E0820573BA98}.Release|x64.Build.0 = Release|x64
		{9B593936-B31B-4A3E-8CE6-E0820573BA98}.Release|x86.ActiveCfg = Release|Win32
		{9B593936-B31B-4A3E-8CE6-E0820573BA98}.Release|x86.Build.0 = Release|Win32
		{08C6EAFA-B5D0-4DE9-B3F4-33A8C80BD469}.Debug|x64.ActiveCfg = Debug|x64
		{08C6EAFA-B5D0-4DE9-B3F4-33A8C80BD469}.Debug|x64.Build.0 = Debug|x64
		{08C6EAFA-B5D0-4DE9-B3F4-33A8C80BD469}.Debug|x86.ActiveCfg = Debug|Win32
		{08C6EAFA-B5D0-4DE9-B3F4-33A8C80BD469}.Debug|x86.Build.0 = Debug|Win32
		{08C6EAFA-B5D0-4DE9-B3F4-33A8C80BD469}.Release|x64.ActiveCfg = Release|x64
		{08C6EAFA-B5D0-4DE9-B3F4-33A8C80BD469}.Release|x64.Build.0 = Release|x64
		{08C6EAFA-B5D0-4DE9-B3F4-33A8C80BD469}.Release|x86.ActiveCfg = Release|Win32
		{08C6EAFA-B5D0-4DE9-B3F4-33A8C80BD469}.Release|x86.Build.0 = Release|Win32
		{5AACA8A9-7717-4432-857F-2AE0ED71E2D2}.Debug|x64.ActiveCfg = Debug|x64
		{5AACA8A9-7717-4432-857F-2AE0ED71E2D2}.Debug|x64.Build.0 = Debug|x64
		{5AACA8A9-7717-4432-857F-2AE0ED71E2D2}.Debug|x86.ActiveCfg = Debug|Win32
		{5AACA8A9-7717-4432-857F-2AE0ED71E2D2}.Debug|x86.Build.0 = Debug|Win32
		{5AACA8A9-7717-4432-857F-2AE0ED71E2D2}.Release|x64.ActiveCfg = Release|x64
		{5AACA8A9-7717-4432-857F-2AE0ED71E2D2}.Release|x64.Build.0 = Release|x64
		{5AACA8A9-7717-4432-857F-2AE0ED71E2D2}.Release|x86.ActiveCfg = Release|Win32
		{5AACA8A9-7717-4432-857F-2AE0ED71E2D2}.Release|x86.Build.0 = Release|Win32
		{6566A8B8-CA6B-40FF-87F0-A2EAD6C46D60}.Debug|x64.ActiveCfg = Debug|x64
		{6566A8B8-CA6B-40FF-87F0-A2EAD6C46D60}.Debug|x64.Build.0 = Debug|x64
		{6566A8B8-CA6B-40FF-87F0-A2EAD6C46D60}.Debug|x86.ActiveCfg = Debug|Win32
		{6566A8B8-CA6B-40FF-87F0-A2EAD6C46D60}.Debug|x86.Build.0 = Debug|Win32
		{6566A8B8-CA6B-40FF-87F0-A2EAD6C46D60}.Release|x64.ActiveCfg = Release|x64
		{6566A8B8-CA6B-40FF-87F0-A2EAD6C46D60}.Release|x64.Build.0 = Release|x64
		{6566A8B8-CA6B-40FF-87F0-A2EAD6C46D60}.Release|x86.ActiveCfg = Release|Win32
		{6566A8B8-CA6B-40FF-87F0-A2EAD6C46D60}.Release|x86.Build.0 = Release|Win32
		{39CC95B3-915E-4CAC-A2B3-2911526C9C8F}.Debug|x64.ActiveCfg = Debug|x64
		{39CC95B3-915E-4CAC-A2B3-2911526C9C8F}.Debug|x64.Build.0 = Debug|x64
		{39CC95B3-915E-4CAC-A2B3-2911526C9C8F}.Debug|x86.ActiveCfg = Debug|Win32
		{39CC95B3-915E-4CAC-A2B3-2911526C9C8F}.Debug|x86.Build.0 = Debug|Win32
		{39CC95B3-915E-4CAC-A2B3-2911526C9C8F}.Release|x64.ActiveCfg = Release|x64
		{39CC95B3-915E-4CAC-A2B3-2911526C9C8F}.Release|x64.Build.0 = Release|x64
		{39CC95B3-915E-4CAC-A2B3-2911526C9C8F}.Release|x86.ActiveCfg = Release|Win32
		{39CC95B3-915E-4CAC-A2B3-2911526C9C8F}.Release|x86.Build.0 = Release|Win32
		{AF2BB15E-2FA7-4F40-B900-0C529CDD95EC}.Debug|x64.ActiveCfg = Debug|x64
		{AF2BB15E-2FA7-4F40-B900-0C529CDD95EC}.Debug|x64.Build.0 = Debug|x64
		{AF2BB15E-2FA7-4F40-B900-0C529CDD95EC}.Debug|x86.ActiveCfg = Debug|Win32
		{AF2BB15E-2FA7-4F40-B900-0C529CDD95EC}.Debug|x86.Build.0 = Debug|Win32
		{AF2BB15E-2FA7-4F40-B900-0C529CDD95EC}.Release|x64.ActiveCfg = Release|x64
		{AF2BB15E-2FA7-4F40-B900-0C529CDD95EC}.Release|x64.Build.0 = Release|x64
		{AF2BB15E-2FA7-4F40-B900-0C529CDD95EC}.Release|x86.ActiveCfg = Release|Win32
		{AF2BB15E-2FA7-4F40-B900-0C529CDD95EC}.Release|x86.Build.0 = Release|Win32
		{FF440718-43C3-452C-9925-204BE65C5A91}.Debug|x64.ActiveCfg = Debug|x64
		{FF440718-43C3-452C-9925-204BE65C5A91}.Debug|x64.Build.0 = Debug|x64
		{FF440718-43C3-452C-9925-204BE65C5A91}.Debug|x86.ActiveCfg = Debug|Win32
		{FF440718-43C3-452C-9925-204BE65C5A91}.Debug|x86.Build.0 = Debug|Win32
		{FF440718-43C3-452C-9925-204BE65C5A91}.Release|x64.ActiveCfg = Release|x64
		{FF440718-43C3-452C-9925-204BE65C5A91}.Release|x64.Build.0 = Release|x64
		{FF440718-43C3-452C-9925-204BE65C5A91}.Release|x86.ActiveCfg = Release|Win32
		{FF440718-43C3-452C-9925-204BE65C5A91}.Release|x86.Build.0 = Release|Win32
		{FA442A80-52FE-4F97-A718-EFC38F55F5F5}.Debug|x64.ActiveCfg = Debug|x64
		{FA442A80-52FE-4F97-A718-EFC38F55F5F5}.Debug|x64.Build.0 = Debug|x64
		{FA442A80-52FE-4F97-A718-EFC38F55F5F5}.Debug|x86.ActiveCfg = Debug|Win32
		{FA442A80-52FE-4F97-A718-EFC38F55F5F5}.Debug|x86.Build.0 = Debug|Win32
		{FA442A80-52FE-4F97-A718-EFC38F55F5F5}.Release|x64.ActiveCfg = Release|x64
		{FA442A80-52FE-4F97-A718-EFC38F55F5F5}.Release|x64.Build.0 = Release|x64
		{FA442A80-52FE-4F97-A718-EFC38F55F5F5}.Release|x86.ActiveCfg = Release|Win32
		{FA442A80-52FE-4F97-A718-EFC38F55F5F5}.Release|x86.Build.0 = Release|Win32
		{8A4E38DF-A4E8-47BA-8577-ECB407DA665A}.Debug|x64.ActiveCfg = Debug|x64
		{8A4E38DF-A4E8-47BA-8577-ECB407DA665A}.Debug|x64.Build.0 = Debug|x64
		{8A4E38DF-A4E8-47BA-8577-ECB407DA665A}.Debug|x86.ActiveCfg = Debug|Win32
		{8A4E38DF-A4E8-47BA-8577-ECB407DA665A}.Debug|x86.Build.0 = Debug|Win32
		{8A4E38DF-A4E8-47BA-8577-ECB407DA665A}.Release|x64.ActiveCfg = Release|x64
		{8A4E38DF-A4E8-47BA-8577-ECB407DA665A}.Release|x64.Build.0 = Release|x64
		{8A4E38DF-A4E8-47BA-8577-ECB407DA665A}.Release|x86.ActiveCfg = Release|Win32
		{8A4E38DF-A4E8-47BA-8577-ECB407DA665A}.Release|x86.Build.0 = Release|Win32
		{F01241E3-A1E9-4B1E-BDFD-907EE3571C17}.Debug|x64.ActiveCfg = Debug|x64
		{F01241E3-A1E9-4B1E-BDFD-907EE3571C17}.Debug|x64.Build.0 = Debug|x64
		{F01241E3-A1E9-4B1E-BDFD-907EE3571C17}.Debug|x86.ActiveCfg = Debug|Win32
		{F01241E3-A1E9-4B1E-BDFD-907EE3571C17}.Debug|x86.Build.0 = Debug|Win32
		{F01241E3-A1E9-4B1E-BDFD-907EE3571C17}.Release|x64.ActiveCfg = Release|x64
		{F01241E3-A1E9-4B1E-BDFD-907EE3571C17}.Release|x64.Build.0 = Release|x64
		{F01241E3-A1E9-4B1E-BDFD-907EE3571C17}.Release|x86.ActiveCfg = Release|Win32
		{F01241E3-A1E9-4B1E-BDFD-907EE3571C17}.Release|x86.Build.0 = Release|Win32
		{8A115BB1-390C-4CD9-A483-F1D721B57A52}.Debug|x64.ActiveCfg = Debug|x64
		{8A115BB1-390C-4CD9-A483-F1D721B57A52}.Debug|x64.Build.0 = Debug|x64
		{8A115BB1-390C-4CD9-A483-F1D721B57A52}.Debug|x86.ActiveCfg = Debug|Win32
		{8A115BB1-390C-4CD9-A483-F1D721B57A52}.Debug|x86.Build.0 = Debug|Win32
		{8A115BB1-390C-4CD9-A483-F1D721B57A52}.Release|x64.ActiveCfg = Release|x64
		{8A115BB1-390C-4CD9-A483-F1D721B57A52}.Release|x64.Build.0 = Release|x64
		{8A115BB1-390C-4CD9-A483-F1D721B57A52}.Release|x86.ActiveCfg = Release|Win32
		{8A115BB1-390C-4CD9-A483-F1D721B57A52}.Release|x86.Build.0 = Release|Win32
		{1F5DD271-35DB-4915-B1A4-696DDD765B43}.Debug|x64.ActiveCfg = Debug|x64
		{1F5DD271-35DB-4915-B1A4-696DDD765B43}.Debug|x64.Build.0 = Debug|x64
		{1F5DD271-35DB-4915-B1A4-696DDD765B43}.Debug|x86.ActiveCfg = Debug|Win32
		{1F5DD271-35DB-4915-B1A4-696DDD765B43}.Debug|x86.Build.0 = Debug|Win32
		{1F5DD271-35DB-4915-B1A4-696DDD765B43}.Release|x64.ActiveCfg = Release|x64
		{1F5DD271-35DB-4915-B1A4-696DDD765B43}.Release|x64.Build.0 = Release|x64
		{1F5DD271-35DB-4915-B1A4-696DDD765B43}.Release|x86.ActiveCfg = Release|Win32
		{1F5DD271-35DB-4915-B1A4-696DDD765B43}.Release|x86.Build.0 = Release|Win32
		{A85F6BD9-2D23-4049-9B2F-C9C06C769AA2}.Debug|x64.ActiveCfg = Debug|x64
		{A85F6BD9-2D23-4049-9B2F-C9C06C769AA2}.Debug|x64.Build.0 = Debug|x64
		{A85F6BD9-2D23-4049-9B2F-C9C06C769AA2}.Debug|x86.ActiveCfg = Debug|Win32
		{A85F6BD9-2D23-4049-9B2F-C9C06C769AA2}.Debug|x86.Build.0 = Debug|Win32
		{A85F6BD9-2D23-4049-9B2F-C9C06C769AA2}.Release|x64.ActiveCfg = Release|x64
		{A85F6BD9-2D23-4049-9B2F-C9C06C769AA2}.Release|x64.Build.0 = Release|x64
		{A85F6BD9-2D23-4049-9B2F-C9C06C769AA2}.Release|x86.ActiveCfg = Release|Win32
		{A85F6BD9-2D23-4049-9B2F-C9C06C769AA2}.Release|x86.Build.0 = Release|Win32
		{62076573-AFEF-41E9-8A1A-2B15001C17EA}.Debug|x64.ActiveCfg = Debug|x64
		{62076573-AFEF-41E9-8A1A-2B15001C17EA}.Debug|x64.Build.0 = Debug|x64
		{62076573-AFEF-41E9-8A1A-2B15001C17EA}.Debug|x86.ActiveCfg = Debug|Win32
		{62076573-AFEF-41E9-8A1A-2B15001C17EA}.Debug|x86.Build.0 = Debug|Win32
		{62076573-AFEF-41E9-8A1A-2B15001C17EA}.Release|x64.ActiveCfg = Release|x64
		{62076573-AFEF-41E9-8A1A-2B15001C17EA}.Release|x64.Build.0 = Release|x64
		{62076573-AFEF-41E9-8A1A-2B15001C17EA}.Release|x86.ActiveCfg = Release|Win32
		{62076573-AFEF-41E9-8A1A-2B15001C17EA}.Release|x86.Build.0 = Release|Win32
		{97BF2ACB-DB7E-4255-9C14-9C2BD629B138}.Debug|x64.ActiveCfg = Debug|x64
		{97BF2ACB-DB7E-4255-9C14-9C2BD629B138}.Debug|x64.Build.0 = Debug|x64
		{97BF2ACB-DB7E-4255-9C14-9C2BD629B138}.Debug|x86.ActiveCfg = Debug|Win32
		{97BF2ACB-DB7E-4255-9C14-9C2BD629B138}.Debug|x86.Build.0 = Debug|Win32
		{97BF2ACB-DB7E-4255-9C14-9C2BD629B138}.Release|x64.ActiveCfg = Release|x64
		{97BF2ACB-DB7E-4255-9C14-9C2BD629B138}.Release|x64.Build.0 = Release|x64
		{97BF2ACB-DB7E-4255-9C14-9C2BD629B138}.Release|x86.ActiveCfg = Release|Win32
		{97BF2ACB-DB7E-4255-9C14-9C2BD629B138}.Release|x86.Build.0 = Release|Win32
		{EB7C11AC-C3F4-4171-B07A-8FF13AEA125B}.Debug|x64.ActiveCfg = Debug|x64
		{EB7C11AC-C3F4-4171-B07A-8FF13AEA125B}.Debug|x64.Build.0 = Debug|x64
		{EB7C11AC-C3F4-4171-B07A-8FF13AEA125B}.Debug|x86.ActiveCfg = Debug|Win32
		{EB7C11AC-C3F4-4171-B07A-8FF13AEA125B}.Debug|x86.Build.0 = Debug|Win32
		{EB7C11AC-C3F4-4171-B07A-8FF13AEA125B}.Release|x64.ActiveCfg = Release|x64
		{EB7C11AC-C3F4-4171-B07A-8FF13AEA125B}.Release|x64.Build.0 = Release|x64
		{EB7C11AC-C3F4-4171-B07A-8FF13AEA125B}.Release|x86.ActiveCfg = Release|Win32
		{EB7C11AC-C3F4-4171-B07A-8FF13AEA125B}.Release|x86.Build.0 = Release|Win32
		{FE6F1A18-F7F9-463E-9E81-381EAE454614}.Debug|x64.ActiveCfg = Debug|x64
		{FE6F1A18-F7F9-463E-9E81-381EAE454614}.Debug|x64.Build.0 = Debug|x64
		{FE6F1A18-F7F9-463E-9E81-381EAE454614}.Debug|x86.ActiveCfg = Debug|Win32
		{FE6F1A18-F7F9-463E-9E81-381EAE454614}.Debug|x86.Build.0 = Debug|Win32
		{FE6F1A18-F7F9-463E-9E81-381EAE454614}.Release|x64.ActiveCfg = Release|x64
		{FE6F1A18-F7F9-463E-9E81-381EAE454614}.Release|x64.Build.0 = Release|x64
		{FE6F1A18-F7F9-463E-9E81-381EAE454614}.Release|x86.ActiveCfg = Release|Win32
		{FE6F1A18-F7F9-463E-9E81-381EAE454614}.Release|x86.Build.0 = Release|Win32
		{700164C6-061B-4D11-8F64-43AC3FA75D46}.Debug|x64.ActiveCfg = Debug|x64
		{700164C6-061B-4D11-8F64-43AC3FA75D46}.Debug|x64.Build.0 = Debug|x64
		{700164C6-061B-4D11-8F64-43AC3FA75D46}.Debug|x86.ActiveCfg = Debug|Win32
		{700164C6-061B-4D11-8F64-43AC3FA75D46}.Debug|x86.Build.0 = Debug|Win32
		{700164C6-061B-4D11-8F64-43AC3FA75D46}.Release|x64.ActiveCfg = Release|x64
		{700164C6-061B-4D11-8F64-43AC3FA75D46}.Release|x64.Build.0 = Release|x64
		{700164C6-061B-4D11-8F64-43AC3FA75D46}.Release|x86.ActiveCfg = Release|Win32
		{700164C6-061B-4D11-8F64-43AC3FA75D46}.Release|x86.Build.0 = Release|Win32
		{6CCD6925-C93B-4C13-BE08-3596FEF936B5}.Debug|x64.ActiveCfg = Debug|x64
		{6CCD6925-C93B-4C13-BE08-3596FEF936B5}.Debug|x64.Build.0 = Debug|x64
		{6CCD6925-C93B-4C13-BE08-3596FEF936B5}.Debug|x86.ActiveCfg = Debug|Win32
		{6CCD6925-C93B-4C13-BE08-3596FEF936B5}.Debug|x86.Build.0 = Debug|Win32
		{6CCD6925-C93B-4C13-BE08-3596FEF936B5}.Release|x64.ActiveCfg = Release|x64
		{6CCD6925-C93B-4C13-BE08-3596FEF936B5}.Release|x64.Build.0 = Release|x64
		{6CCD6925-C93B-4C13-BE08-3596FEF936B5}.Release|x86.ActiveCfg = Release|Win32
		{6CCD6925-C93B-4C13-BE08-3596FEF936B5}.Release|x86.Build.0 = Release|Win32
		{3853B86C-5FBB-434D-87B5-BABAA8030F15}.Debug|x64.ActiveCfg = Debug|x64
		{3853B86C-5FBB-434D-87B5-BABAA8030F15}.Debug|x64.Build.0 = Debug|x64
		{3853B86C-5FBB-434D-87B5-BABAA8030F15}.Debug|x86.ActiveCfg = Debug|Win32
		{3853B86C-5FBB-434D-87B5-BABAA8030F15}.Debug|x86.Build.0 = Debug|Win32
		{3853B86C-5FBB-434D-87B5-BABAA8030F15}.Release|x64.ActiveCfg = Release|x64
		{3853B86C-5FBB-434D-87B5-BABAA8030F15}.Release|x64.Build.0 = Release|x64
		{3853B86C-5FBB-434D-87B5-BABAA8030F15}.Release|x86.ActiveCfg = Release|Win32
		{3853B86C-5FBB-434D-87B5-BABAA8030F15}.Release|x86.Build.0 = Release|Win32
		{4DA2FC75-65CF-421D-AF69-C12888600232}.Debug|x64.ActiveCfg = Debug|x64
		{4DA2FC75-65CF-421D-AF69-C12888600232}.Debug|x64.Build.0 = Debug|x64
		{4DA2FC75-65CF-421D-AF69-C12888600232}.Debug|x86.ActiveCfg = Debug|Win32
		{4DA2FC75-65CF-421D-AF69-C12888600232}.Debug|x86.Build.0 = Debug|Win32
		{4DA2FC75-65CF-421D-AF69-C12888600232}.Release|x64.ActiveCfg = Release|x64
		{4DA2FC75-65CF-421D-AF69-C12888600232}.Release|x64.Build.0 = Release|x64
		{4DA2FC75-65CF-421D-AF69-C12888600232}.Release|x86.ActiveCfg = Release|Win32
		{4DA2FC75-65CF-421D-AF69-C12888600232}.Release|x86.Build.0 = Release|Win32
		{5EA6B664-7A19-495C-98AB-4B536FDAC761}.Debug|x64.ActiveCfg = Debug|x64
		{5EA6B664-7A19-495C-98AB-4B536FDAC761}.Debug|x64.Build.0 = Debug|x64
		{5EA6B664-7A19-495C-98AB-4B536FDAC761}.Debug|x86.ActiveCfg = Debug|Win32
		{5EA6B664-7A19-495C-98AB-4B536FDAC761}.Debug|x86.Build.0 = Debug|Win32
		{5EA6B664-7A19-495C-98AB-4B536FDAC761}.Release|x64.ActiveCfg = Release|x64
		{5EA6B664-7A19-495C-98AB-4B536FDAC761}.Release|x64.Build.0 = Release|x64
		{5EA6B664-7A19-495C-98AB-4B536FDAC761}.Release|x86.ActiveCfg = Release|Win32
		{5EA6B664-7A19-495C-98AB-4B536FDAC761}.Release|x86.Build.0 = Release|Win32
		{63BD21F3-1363-4AA9-B8AD-E4660060A27D}.Debug|x64.ActiveCfg = Debug|x64
		{63BD21F3-1363-4AA9-B8AD-E4660060A27D}.Debug|x64.Build.0 = Debug|x64
		{63BD21F3-1363-4AA9-B8AD-E4660060A27D}.Debug|x86.ActiveCfg = Debug|Win32
		{63BD21F3-1363-4AA9-B8AD-E4660060A27D}.Debug|x86.Build.0 = Debug|Win32
		{63BD21F3-1363-4AA9-B8AD-E4660060A27D}.Release|x64.ActiveCfg = Release|x64
		{63BD21F3-1363-4AA9-B8AD-E4660060A27D}.Release|x64.Build.0 = Release|x64
		{63BD21F3-1363-4AA9-B8AD-E4660060A27D}.Release|x86.ActiveCfg = Release|Win32
		{63BD21F3-1363-4AA9-B8AD-E4660060A27D}.Release|x86.Build.0 = Release|Win32
		{36502D95-2B5F-467B-AD35-8335576CE8C0}.Debug|x64.ActiveCfg = Debug|x64
		{36502D95-2B5F-467B-AD35-8335576CE8C0}.Debug|x64.Build.0 = Debug|x64
		{36502D95-2B5F-467B-AD35-8335576CE8C0}.Debug|x86.ActiveCfg = Debug|Win32
		{36502D95-2B5F-467B-AD35-8335576CE8C0}.Debug|x86.Build.0 = Debug|Win32
		{36502D95-2B5F-467B-AD35-8335576CE8C0}.Release|x64.ActiveCfg = Release|x64
		{36502D95-2B5F-467B-AD35-8335576CE8C0}.Release|x64.Build.0 = Release|x64
		{36502D95-2B5F-467B-AD35-8335576CE8C0}.Release|x86.ActiveCfg = Release|Win32
		{36502D95-2B5F-467B-AD35-8335576CE8C0}.Release|x86.Build.0 = Release|Win32
		{E686D3C6-4430-492F-9F8A-2F0972000299}.Debug|x64.ActiveCfg = Debug|x64
		{E686D3C6-4430-492F-9F8A-2F0972000299}.Debug|x64.Build.0 = Debug|x64
		{E686D3C6-4430-492F-9F8A-2F0972000299}.Debug|x86.ActiveCfg = Debug|Win32
		{E686D3C6-4430-492F-9F8A-2F0972000299}.Debug|x86.Build.0 = Debug|Win32
		{E686D3C6-4430-492F-9F8A-2F0972000299}.Release|x64.ActiveCfg = Release|x64
		{E686D3C6-4430-492F-9F8A-2F0972000299}.Release|x64.Build.0 = Release|x64
		{E686D3C6-4430-492F-9F8A-2F0972000299}.Release|x86.ActiveCfg = Release|Win32
		{E686D3C6-4430-492F-9F8A-2F0972000299}.Release|x86.Build.0 = Release|Win32
		{AB9B6172-DF45-4FD4-ADAF-FEB5C2B555FB}.Debug|x64.ActiveCfg = Debug|x64
		{AB9B6172-DF45-4FD4-ADAF-FEB5C2B555FB}.Debug|x64.Build.0 = Debug|x64
		{AB9B6172-DF45-4FD4-ADAF-FEB5C2B555FB}.Debug|x86.ActiveCfg = Debug|Win32
		{AB9B6172-DF45-4FD4-ADAF-FEB5C2B555FB}.Debug|x86.Build.0 = Debug|Win32
		{AB9B6172-DF45-4FD4-ADAF-FEB5C2B555FB}.Release|x64.ActiveCfg = Release|x64
		{AB9B6172-DF45-4FD4-ADAF-FEB5C2B555FB}.Release|x64.Build.0 = Release|x64
		{AB9B6172-DF45-4FD4-ADAF-FEB5C2B555FB}.Release|x86.ActiveCfg = Release|Win32
		{AB9B6172-DF45-4FD4-ADAF-FEB5C2B555FB}.Release|x86.Build.0 = Release|Win32
		{7FEF7356-2078-435D-B295-4B544B387C83}.Debug|x64.ActiveCfg = Debug|x64
		{7FEF7356-2078-435D-B295-4B544B387C83}.Debug|x64.Build.0 = Debug|x64
		{7FEF7356-2078-435D-B295-4B544B387C83}.Debug|x86.ActiveCfg = Debug|Win32
		{7FEF7356-2078-435D-B295-4B544B387C83}.Debug|x86.Build.0 = Debug|Win32
		{7FEF7356-2078-435D-B295-4B544B387C83}.Release|x64.ActiveCfg = Release|x64
		{7FEF7356-2078-435D-B295-4B544B387C83}.Release|x64.Build.0 = Release|x64
		{7FEF7356-2078-435D-B295-4B544B387C83}.Release|x86.ActiveCfg = Release|Win32
		{7FEF7356-2078-435D-B295-4B544B387C83}.Release|x86.Build.0 = Release|Win32
		{F20E09FF-8D86-4516-9998-23F2F3E83A4C}.Debug|x64.ActiveCfg = Debug|x64
		{F20E09FF-8D86-4516-9998-23F2F3E83A4C}.Debug|x64.Build.0 = Debug|x64
		{F20E09FF-8D86-4516-9998-23F2F3E83A4C}.Debug|x86.ActiveCfg = Debug|Win32
		{F20E09FF-8D86-4516-9998-23F2F3E83A4C}.Debug|x86.Build.0 = Debug|Win32
		{F20E09FF-8D86-4516-9998-23F2F3E83A4C}.Release|x64.ActiveCfg = Release|x64
		{F20E09FF-8D86-4516-9998-23F2F3E83A4C}.Release|x64.Build.0 = Release|x64
		{F20E09FF-8D86-4516-9998-23F2F3E83A4C}.Release|x86.ActiveCfg = Release|Win32
		{F20E09FF-8D86-4516-9998-23F2F3E83A4C}.Release|x86.Build.0 = Release|Win32
		{8F4AEA5E-5193-4C9C-8D7D-1C745F008F61}.Debug|x64.ActiveCfg = Debug|x64
		{8F4AEA5E-5193-4C9C-8D7D-1C745F008F61}.Debug|x64.Build.0 = Debug|x64
		{8F4AEA5E-5193-4C9C-8D7D-1C745F008F61}.Debug|x86.ActiveCfg = Debug|Win32
		{8F4AEA5E-5193-4C9C-8D7D-1C745F008F61}.Debug|x86.Build.0 = Debug|Win32
		{8F4AEA5E-5193-4C9C-8D7D-1C745F008F61}.Release|x64.ActiveCfg = Release|x64
		{8F4AEA5E-5193-4C9C-8D7D-1C745F008F61}.Release|x64.Build.0 = Release|x64
		{8F4AEA5E-5193-4C9C-8D7D-1C745F008F61}.Release|x86.ActiveCfg = Release|Win32
		{8F4AEA5E-5193-4C9C-8D7D-1C745F008F61}.Release|x86.Build.0 = Release|Win32
		{5B4F8B36-F51D-4A22-9837-4EFBCAC752D5}.Debug|x64.ActiveCfg = Debug|x64
		{5B4F8B36-F51D-4A22-9837-4EFBCAC752D5}.Debug|x64.Build.0 = Debug|x64
		{5B4F8B36-F51D-4A22-9837-4EFBCAC752D5}.Debug|x86.ActiveCfg = Debug|Win32
		{5B4F8B36-F51D-4A22-9837-4EFBCAC752D5}.Debug|x86.Build.0 = Debug|Win32
		{5B4F8B36-F51D-4A22-9837-4EFBCAC752D5}.Release|x64.ActiveCfg = Release|x64
		{5B4F8B36-F51D-4A22-9837-4EFBCAC752D5}.Release|x64.Build.0 = Release|x64
		{5B4F8B36-F51D-4A22-9837-4EFBCAC752D5}.Release|x86.ActiveCfg = Release|Win32
		{5B4F8B36-F51D-4A22-9837-4EFBCAC752D5}.Release|x86.Build.0 = Release|Win32
		{40F6ED4E-B27B-4158-93FE-9263781005B6}.Debug|x64.ActiveCfg = Debug|x64
		{40F6ED4E-B27B-4158-93FE-9263781005B6}.Debug|x64.Build.0 = Debug|x64
		{40F6ED4E-B27B-4158-93FE-9263781005B6}.Debug|x86.ActiveCfg = Debug|Win32
		{40F6ED4E-B27B-4158-93FE-9263781005B6}.Debug|x86.Build.0 = Debug|Win32
		{40F6ED4E-B27B-4158-93FE-9263781005B6}.Release|x64.ActiveCfg = Release|x64
		{40F6ED4E-B27B-4158-93FE-9263781005B6}.Release|x64.Build.0 = Release|x64
		{40F6ED4E-B27B-4158-93FE-9263781005B6}.Release|x86.ActiveCfg = Release|Win32
		{40F6ED4E-B27B-4158-93FE-9263781005B6}.Release|x86.Build.0 = Release|Win32
		{AB1B00A5-E01A-4CD4-8C2C-C394B43B19AB}.Debug|x64.ActiveCfg = Debug|x64
		{AB1B00A5-E01A-4CD4-8C2C-C394B43B19AB}.Debug|x64.Build.0 = Debug|x64
		{AB1B00A5-E01A-4CD4-8C2C-C394B43B19AB}.Debug|x86.ActiveCfg = Debug|Win32
		{AB1B00A5-E01A-4CD4-8C2C-C394B43B19AB}.Debug|x86.Build.0 = Debug|Win32
		{AB1B00A5-E01A-4CD4-8C2C-C394B43B19AB}.Release|x64.ActiveCfg = Release|x64
		{AB1B00A5-E01A-4CD4-8C2C-C394B43B19AB}.Release|x64.Build.0 = Release|x64
		{AB1B00A5-E01A-4CD4-8C2C-C394B43B19AB}.Release|x86.ActiveCfg = Release|Win32
		{AB1B00A5-E01A-4CD4-8C2C-C394B43B19AB}.Release|x86.Build.0 = Release|Win32
		{244A3494-EE29-4957-B683-977575261271}.Debug|x64.ActiveCfg = Debug|x64
		{244A3494-EE29-4957-B683-977575261271}.Debug|x64.Build.0 = Debug|x64
		{244A3494-EE29-4957-B683-977575261271}.Debug|x86.ActiveCfg = Debug|Win32
		{244A3494-EE29-4957-B683-977575261271}.Debug|x86.Build.0 = Debug|Win32
		{244A3494-EE29-4957-B683-977575261271}.Release|x64.ActiveCfg = Release|x64
		{244A3494-EE29-4957-B683-977575261271}.Release|x64.Build.0 = Release|x64
		{244A3494-EE29-4957-B683-977575261271}.Release|x86.ActiveCfg = Release|Win32
		{244A3494-EE29-4957-B683-977575261271}.Release|x86.Build.0 = Release|Win32
		{DC2EE2C7-DA0F-4B18-877E-FEF7B428B659}.Debug|x64.ActiveCfg = Debug|x64
		{DC2EE2C7-DA0F-4B18-877E-FEF7B428B659}.Debug|x64.Build.0 = Debug|x64
		{DC2EE2C7-DA0F-4B18-877E-FEF7B428B659}.Debug|x86.ActiveCfg = Debug|Win32
		{DC2EE2C7-DA0F-4B18-877E-FEF7B428B659}.Debug|x86.Build.0 = Debug|Win32
		{DC2EE2C7-DA0F-4B18-877E-FEF7B428B659}.Release|x64.ActiveCfg = Release|x64
		{DC2EE2C7-DA0F-4B18-877E-FEF7B428B659}.Release|x64.Build.0 = Release|x64
		{DC2EE2C7-DA0F-4B18-877E-FEF7B428B659}.Release|x86.ActiveCfg = Release|Win32
		{DC2EE2C7-DA0F-4B18-877E-FEF7B428B659}.Release|x86.Build.0 = Release|Win32
		{0CCC5EFC-33F5-4C6D-9E89-9D17D74C8648}.Debug|x64.ActiveCfg = Debug|x64
		{0CCC5EFC-33F5-4C6D-9E89-9D17D74C8648}.Debug|x64.Build.0 = Debug|x64
		{0CCC5EFC-33F5-4C6D-9E89-9D17D74C8648}.Debug|x86.ActiveCfg = Debug|Win32
		{0CCC5EFC-33F5-4C6D-9E89-9D17D74C8648}.Debug|x86.Build.0 = Debug|Win32
		{0CCC5EFC-33F5-4C6D-9E89-9D17D74C8648}.Release|x64.ActiveCfg = Release|x64
		{0CCC5EFC-33F5-4C6D-9E89-9D17D74C8648}.Release|x64.Build.0 = Release|x64
		{0CCC5EFC-33F5-4C6D-9E89-9D17D74C8648}.Release|x86.ActiveCfg = Release|Win32
		{0CCC5EFC-33F5-4C6D-9E89-9D17D74C8648}.Release|x86.Build.0 = Release|Win32
		{BEE07CBA-306D-4BD0-A57F-38BEED18B924}.Debug|x64.ActiveCfg = Debug|x64
		{BEE07CBA-306D-4BD0-A57F-38BEED18B924}.Debug|x64.Build.0 = Debug|x64
		{BEE07CBA-306D-4BD0-A57F-38BEED18B924}.Debug|x86.ActiveCfg = Debug|Win32
		{BEE07CBA-306D-4BD0-A57F-38BEED18B924}.Debug|x86.Build.0 = Debug|Win32
		{BEE07CBA-306D-4BD0-A57F-38BEED18B924}.Release|x64.ActiveCfg = Release|x64
		{BEE07CBA-306D-4BD0-A57F-38BEED18B924}.Release|x64.Build.0 = Release|x64
		{BEE07CBA-306D-4BD0-A57F-38BEED18B924}.Release|x86.ActiveCfg = Release|Win32
		{BEE07CBA-306D-4BD0-A57F-38BEED18B924}.Release|x86.Build.0 = Release|Win32
		{A08E86B0-131F-477F-9D5C-617B5F3594A0}.Debug|x64.ActiveCfg = Debug|x64
		{A08E86B0-131F-477F-9D5C-617B5F3594A0}.Debug|x64.Build.0 = Debug|x64
		{A08E86B0-131F-477F-9D5C-617B5F3594A0}.Debug|x86.ActiveCfg = Debug|Win32
		{A08E86B0-131F-477F-9D5C-617B5F3594A0}.Debug|x86.Build.0 = Debug|Win32
		{A08E86B0-131F-477F-9D5C-617B5F3594A0}.Release|x64.ActiveCfg = Release|x64
		{A08E86B0-131F-477F-9D5C-617B5F3594A0}.Release|x64.Build.0 = Release|x64
		{A08E86B0-131F-477F-9D5C-617B5F3594A0}.Release|x86.ActiveCfg = Release|Win32
		{A08E86B0-131F-477F-9D5C-617B5F3594A0}.Release|x86.Build.0 = Release|Win32
		{3C74729F-A957-4B33-9870-AE5FAD51FD38}.Debug|x64.ActiveCfg = Debug|x64
		{3C74729F-A957-4B33-9870-AE5FAD51FD38}.Debug|x64.Build.0 = Debug|x64
		{3C74729F-A957-4B33-9870-AE5FAD51FD38}.Debug|x86.ActiveCfg = Debug|Win32
		{3C74729F-A957-4B33-9870-AE5FAD51FD38}.Debug|x86.Build.0 = Debug|Win32
		{3C74729F-A957-4B33-9870-AE5FAD51FD38}.Release|x64.ActiveCfg = Release|x64
		{3C74729F-A957-4B33-9870-AE5FAD51FD38}.Release|x64.Build.0 = Release|x64
		{3C74729F-A957-4B33-9870-AE5FAD51FD38}.Release|x86.ActiveCfg = Release|Win32
		{3C74729F-A957-4B33-9870-AE5FAD51FD38}.Release|x86.Build.0 = Release|Win32
		{A06551FA-541A-458A-AF29-064422588F7A}.Debug|x64.ActiveCfg = Debug|x64
		{A06551FA-541A-458A-AF29-064422588F7A}.Debug|x64.Build.0 = Debug|x64
		{A06551FA-541A-458A-AF29-064422588F7A}.Debug|x86.ActiveCfg = Debug|Win32
		{A06551FA-541A-458A-AF29-064422588F7A}.Debug|x86.Build.0 = Debug|Win32
		{A06551FA-541A-458A-AF29-064422588F7A}.Release|x64.ActiveCfg = Release|x64
		{A06551FA-541A-458A-AF29-064422588F7A}.Release|x64.Build.0 = Release|x64
		{A06551FA-541A-458A-AF29-064422588F7A}.Release|x86.ActiveCfg = Release|Win32
		{A06551FA-541A-458A-AF29-064422588F7A}.Release|x86.Build.0 = Release|Win32
		{88E18492-2FAE-43BE-84A5-C4EFAF9107C8}.Debug|x64.ActiveCfg = Debug|x64
		{88E18492-2FAE-43BE-84A5-C4EFAF9107C8}.Debug|x64.Build.0 = Debug|x64
		{88E18492-2FAE-43BE-84A5-C4EFAF9107C8}.Debug|x86.ActiveCfg = Debug|Win32
		{88E18492-2FAE-43BE-84A5-C4EFAF9107C8}.Debug|x86.Build.0 = Debug|Win32
		{88E18492-2FAE-43BE-84A5-C4EFAF9107C8}.Release|x64.ActiveCfg = Release|x64
		{88E18492-2FAE-43BE-84A5-C4EFAF9107C8}.Release|x64.Build.0 = Release|x64
		{88E18492-2FAE-43BE-84A5-C4EFAF9107C8}.Release|x86.ActiveCfg = Release|Win32
		{88E18492-2FAE-43BE-84A5-C4EFAF9107C8}.Release|x86.Build.0 = Release|Win32
		{16FA90D5-60AE-4EEB-981E-B79AF6D5F1CD}.Debug|x64.ActiveCfg = Debug|x64
		{16FA90D5-60AE-4EEB-981E-B79AF6D5F1CD}.Debug|x64.Build.0 = Debug|x64
		{16FA90D5-60AE-4EEB-981E-B79AF6D5F1CD}.Debug|x86.ActiveCfg = Debug|Win32
		{16FA90D5-60AE-4EEB-981E-B79AF6D5F1CD}.Debug|x86.Build.0 = Debug|Win32
		{16FA90D5-60AE-4EEB-981E-B79AF6D5F1CD}.Release|x64.ActiveCfg = Release|x64
		{16FA90D5-60AE-4EEB-981E-B79AF6D5F1CD}.Release|x64.Build.0 = Release|x64
		{16FA90D5-60AE-4EEB-981E-B79AF6D5F1CD}.Release|x86.ActiveCfg = Release|Win32
		{16FA90D5-60AE-4EEB-981E-B79AF6D5F1CD}.Release|x86.Build.0 = Release|Win32
		{354B4482-C997-4470-8B7C-19DB0B8339CF}.Debug|x64.ActiveCfg = Debug|x64
		{354B4482-C997-4470-8B7C-19DB0B8339CF}.Debug|x64.Build.0 = Debug|x64
		{354B4482-C997-4470-8B7C-19DB0B8339CF}.Debug|x86.ActiveCfg = Debug|Win32
		{354B4482-C997-4470-8B7C-19DB0B8339CF}.Debug|x86.Build.0 = Debug|Win32
		{354B4482-C997-4470-8B7C-19DB0B8339CF}.Release|x64.ActiveCfg = Release|x64
		{354B4482-C997-4470-8B7C-19DB0B8339CF}.Release|x64.Build.0 = Release|x64
		{354B4482-C997-4470-8B7C-19DB0B8339CF}.Release|x86.ActiveCfg = Release|Win32
		{354B4482-C997-4470-8B7C-19DB0B8339CF}.Release|x86.Build.0 = Release|Win32
		{EF35DA42-DD52-453C-B6B7-2B76E52AC141}.Debug|x64.ActiveCfg = Debug|x64
		{EF35DA42-DD52-453C-B6B7-2B76E52AC141}.Debug|x64.Build.0 = Debug|x64
		{EF35DA42-DD52-453C-B6B7-2B76E52AC141}.Debug|x86.ActiveCfg = Debug|Win32
		{EF35DA42-DD52-453C-B6B7-2B76E52AC141}.Debug|x86.Build.0 = Debug|Win32
		{EF35DA42-DD52-453C-B6B7-2B76E52AC141}.Release|x64.ActiveCfg = Release|x64
		{EF35DA42-DD52-453C-B6B7-2B76E52AC141}.Release|x64.Build.0 = Release|x64
		{EF35DA42-DD52-453C-B6B7-2B76E52AC141}.Release|x86.ActiveCfg = Release|Win32
		{EF35DA42-DD52-453C-B6B7-2B76E52AC141}.Release|x86.Build.0 = Release|Win32
		{B67C8C23-C32C-44D1-809E-0D9FC8A358C9}.Debug|x64.ActiveCfg = Debug|x64
		{B67C8C23-C32C-44D1-809E-0D9FC8A358C9}.Debug|x64.Build.0 = Debug|x64
		{B67C8C23-C32C-44D1-809E-0D9FC8A358C9}.Debug|x86.ActiveCfg = Debug|Win32
		{B67C8C23-C32C-44D1-809E-0D9FC8A358C9}.Debug|x86.Build.0 = Debug|Win32
		{B67C8C23-C32C-44D1-809E-0D9FC8A358C9}.Release|x64.ActiveCfg = Release|x64
		{B67C8C23-C32C-44D1-809E-0D9FC8A358C9}.Release|x64.Build.0 = Release|x64
		{B67C8C23-C32C-44D1-809E-0D9FC8A358C9}.Release|x86.ActiveCfg = Release|Win32
		{B67C8C23-C32C-44D1-809E-0D9FC8A358C9}.Release|x86.Build.0 = Release|Win32
		{2579C26F-1484-4E41-A2AB-CCEE51F34F96}.Debug|x64.ActiveCfg = Debug|x64
		{2579C26F-1484-4E41-A2AB-CCEE51F34F96}.Debug|x64.Build.0 = Debug|x64
		{2579C26F-1484-4E41-A2AB-CCEE51F34F96}.Debug|x86.ActiveCfg = Debug|Win32
		{2579C26F-1484-4E41-A2AB-CCEE51F34F96}.Debug|x86.Build.0 = Debug|Win32
		{2579C26F-1484-4E41-A2AB-CCEE51F34F96}.Release|x64.ActiveCfg = Release|x64
		{2579C26F-1484-4E41-A2AB-CCEE51F34F96}.Release|x64.Build.0 = Release|x64
		{2579C26F-1484-4E41-A2AB-CCEE51F34F96}.Release|x86.ActiveCfg = Release|Win32
		{2579C26F-1484-4E41-A2AB-CCEE51F34F96}.Release|x86.Build.0 = Release|Win32
		{81558FA9-3631-4EF1-A918-77A0B3732D54}.Debug|x64.ActiveCfg = Debug|x64
		{81558FA9-3631-4EF1-A918-77A0B3732D54}.Debug|x64.Build.0 = Debug|x64
		{81558FA9-3631-4EF1-A918-77A0B3732D54}.Debug|x86.ActiveCfg = Debug|Win32
		{81558FA9-3631-4EF1-A918-77A0B3732D54}.Debug|x86.Build.0 = Debug|Win32
		{81558FA9-3631-4EF1-A918-77A0B3732D54}.Release|x64.ActiveCfg = Release|x64
		{81558FA9-3631-4EF1-A918-77A0B3732D54}.Release|x64.Build.0 = Release|x64
		{81558FA9-3631-4EF1-A918-77A0B3732D54}.Release|x86.ActiveCfg = Release|Win32
		{81558FA9-3631-4EF1-A918-77A0B3732D54}.Release|x86.Build.0 = Release|Win32
		{BE6C0AB4-6CAD-4D0E-A2B5-C46A6926073B}.Debug|x64.ActiveCfg = Debug|x64
		{BE6C0AB4-6CAD-4D0E-A2B5-C46A6926073B}.Debug|x64.Build.0 = Debug|x64
		{BE6C0AB4-6CAD-4D0E-A2B5-C46A6926073B}.Debug|x86.ActiveCfg = Debug|Win32
		{BE6C0AB4-6CAD-4D0E-A2B5-C46A6926073B}.Debug|x86.Build.0 = Debug|Win32
		{BE6C0AB4-6CAD-4D0E-A2B5-C46A6926073B}.Release|x64.ActiveCfg = Release|x64
		{BE6C0AB4-6CAD-4D0E-A2B5-C46A6926073B}.Release|x64.Build.0 = Release|x64
		{BE6C0AB4-6CAD-4D0E-A2B5-C46A6926073B}.Release|x86.ActiveCfg = Release|Win32
		{BE6C0AB4-6CAD-4D0E-A2B5-C46A6926073B}.Release|x86.Build.0 = Release|Win32
		{AC8103BA-045B-4C24-B0D3-910D4D4BAB16}.Debug|x64.ActiveCfg = Debug|x64
		{AC8103BA-045B-4C24-B0D3-910D4D4BAB16}.Debug|x64.Build.0 = Debug|x64
		{AC8103BA-045B-4C24-B0D3-910D4D4BAB16}.Debug|x86.ActiveCfg = Debug|Win32
		{AC8103BA-045B-4C24-B0D3-910D4D4BAB16}.Debug|x86.Build.0 = Debug|Win32
		{AC8103BA-045B-4C24-B0D3-910D4D4BAB16}.Release|x64.ActiveCfg = Release|x64
		{AC8103BA-045B-4C24-B0D3-910D4D4BAB16}.Release|x64.Build.0 = Release|x64
		{AC8103BA-045B-4C24-B0D3-910D4D4BAB16}.Release|x86.ActiveCfg = Release|Win32
		{AC8103BA-045B-4C24-B0D3-910D4D4BAB16}.Release|x86.Build.0 = Release|Win32
		{04A3E702-C467-4ED0-9E9F-623632E340E4}.Debug|x64.ActiveCfg = Debug|x64
		{04A3E702-C467-4ED0-9E9F-623632E340E4}.Debug|x64.Build.0 = Debug|x64
		{04A3E702-C467-4ED0-9E9F-623632E340E4}.Debug|x86.ActiveCfg = Debug|Win32
		{04A3E702-C467-4ED0-9E9F-623632E340E4}.Debug|x86.Build.0 = Debug|Win32
		{04A3E702-C467-4ED0-9E9F-623632E340E4}.Release|x64.ActiveCfg = Release|x64
		{04A3E702-C467-4ED0-9E9F-623632E340E4}.Release|x64.Build.0 = Release|x64
		{04A3E702-C467-4ED0-9E9F-623632E340E4}.Release|x86.ActiveCfg = Release|Win32
		{04A3E702-C467-4ED0-9E9F-623632E340E4}.Release|x86.Build.0 = Release|Win32
		{C905A0C2-A2C6-4DE0-9555-4CB465B26793}.Debug|x64.ActiveCfg = Debug|x64
		{C905A0C2-A2C6-4DE0-9555-4CB465B26793}.Debug|x64.Build.0 = Debug|x64
		{C905A0C2-A2C6-4DE0-9555-4CB465B26793}.Debug|x86.ActiveCfg = Debug|Win32
		{C905A0C2-A2C6-4DE0-9555-4CB465B26793}.Debug|x86.Build.0 = Debug|Win32
		{C905A0C2-A2C6-4DE0-9555-4CB465B26793}.Release|x64.ActiveCfg = Release|x64
		{C905A0C2-A2C6-4DE0-9555-4CB465B26793}.Release|x64.Build.0 = Release|x64
		{C905A0C2-A2C6-4DE0-9555-4CB465B26793}.Release|x86.ActiveCfg = Release|Win32
		{C905A0C2-A2C6-4DE0-9555-4CB465B26793}.Release|x86.Build.0 = Release|Win32
		{05ACDC0F-BABA-427D-A46C-46AE1E5F2326}.Debug|x64.ActiveCfg = Debug|x64
		{05ACDC0F-BABA-427D-A46C-46AE1E5F2326}.Debug|x64.Build.0 = Debug|x64
		{05ACDC0F-BABA-427D-A46C-46AE1E5F2326}.Debug|x86.ActiveCfg = Debug|Win32
		{05ACDC0F-BABA-427D-A46C-46AE1E5F2326}.Debug|x86.Build.0 = Debug|Win32
		{05ACDC0F-BABA-427D-A46C-46AE1E5F2326}.Release|x64.ActiveCfg = Release|x64
		{05ACDC0F-BABA-427D-A46C-46AE1E5F2326}.Release|x64.Build.0 = Release|x64
		{05ACDC0F-BABA-427D-A46C-46AE1E5F2326}.Release|x86.ActiveCfg = Release|Win32
		{05ACDC0F-BABA-427D-A46C-46AE1E5F2326}.Release|x86.Build.0 = Release|Win32
		{670B2F26-F7A1-4EAE-9713-EEE3908B51A9}.Debug|x64.ActiveCfg = Debug|x64
		{670B2F26-F7A1-4EAE-9713-EEE3908B51A9}.Debug|x64.Build.0 = Debug|x64
		{670B2F26-F7A1-4EAE-9713-EEE3908B51A9}.Debug|x86.ActiveCfg = Debug|Win32
		{670B2F26-F7A1-4EAE-9713-EEE3908B51A9}.Debug|x86.Build.0 = Debug|Win32
		{670B2F26-F7A1-4EAE-9713-EEE3908B51A9}.Release|x64.ActiveCfg = Release|x64
		{670B2F26-F7A1-4EAE-9713-EEE3908B51A9}.Release|x64.Build.0 = Release|x64
		{670B2F26-F7A1-4EAE-9713-EEE3908B51A9}.Release|x86.ActiveCfg = Release|Win32
		{670B2F26-F7A1-4EAE-9713-EEE3908B51A9}.Release|x86.Build.0 = Release|Win32
		{E31B6905-C63E-4D65-8E26-497C5CEBE59B}.Debug|x64.ActiveCfg = Debug|x64
		{E31B6905-C63E-4D65-8E26-497C5CEBE59B}.Debug|x64.Build.0 = Debug|x64
		{E31B6905-C63E-4D65-8E26-497C5CEBE59B}.Debug|x86.ActiveCfg = Debug|Win32
		{E31B6905-C63E-4D65-8E26-497C5CEBE59B}.Debug|x86.Build.0 = Debug|Win32
		{E31B6905-C63E-4D65-8E26-497C5CEBE59B}.Release|x64.ActiveCfg = Release|x64
		{E31B6905-C63E-4D65-8E26-497C5CEBE59B}.Release|x64.Build.0 = Release|x64
		{E31B6905-C63E-4D65-8E26-497C5CEBE59B}.Release|x86.ActiveCfg = Release|Win32
		{E31B6905-C63E-4D65-8E26-497C5CEBE59B}.Release|x86.Build.0 = Release|Win32
		{014F107E-918B-4A65-A310-30C6A2FA4175}.Debug|x64.ActiveCfg = Debug|x64
		{014F107E-918B-4A65-A310-30C6A2FA4175}.Debug|x64.Build.0 = Debug|x64
		{014F107E-918B-4A65-A310-30C6A2FA4175}.Debug|x86.ActiveCfg = Debug|Win32
		{014F107E-918B-4A65-A310-30C6A2FA4175}.Debug|x86.Build.0 = Debug|Win32
		{014F107E-918B-4A65-A310-30C6A2FA4175}.Release|x64.ActiveCfg = Release|x64
		{014F107E-918B-4A65-A310-30C6A2FA4175}.Release|x64.Build.0 = Release|x64
		{014F107E-918B-4A65-A310-30C6A2FA4175}.Release|x86.ActiveCfg = Release|Win32
		{014F107E-918B-4A65-A310-30C6A2FA4175}.Release|x86.Build.0 = Release|Win32
		{C93C3CEF-A489-4743-B4BF-4AEECD78B136}.Debug|x64.ActiveCfg = Debug|x64
		{C93C3CEF-A489-4743-B4BF-4AEECD78B136}.Debug|x64.Build.0 = Debug|x64
		{C93C3CEF-A489-4743-B4BF-4AEECD78B136}.Debug|x86.ActiveCfg = Debug|Win32
		{C93C3CEF-A489-4743-B4BF-4AEECD78B136}.Debug|x86.Build.0 = Debug|Win32
		{C93C3CEF-A489-4743-B4BF-4AEECD78B136}.Release|x64.ActiveCfg = Release|x64
		{C93C3CEF-A489-4743-B4BF-4AEECD78B136}.Release|x64.Build.0 = Release|x64
		{C93C3CEF-A489-4743-B4BF-4AEECD78B136}.Release|x86.ActiveCfg = Release|Win32
		{C93C3CEF-A489-4743-B4BF-4AEECD78B136}.Release|x86.Build.0 = Release|Win32
		{54600E37-A46D-4318-9626-76FA3D374F5B}.Debug|x64.ActiveCfg = Debug|x64
		{54600E37-A46D-4318-9626-76FA3D374F5B}.Debug|x64.Build.0 = Debug|x64
		{54600E37-A46D-4318-9626-76FA3D374F5B}.Debug|x86.ActiveCfg = Debug|Win32
		{54600E37-A46D-4318-9626-76FA3D374F5B}.Debug|x86.Build.0 = Debug|Win32
		{54600E37-A46D-4318-9626-76FA3D374F5B}.Release|x64.ActiveCfg = Release|x64
		{54600E37-A46D-4318-9626-76FA3D374F5B}.Release|x64.Build.0 = Release|x64
		{54600E37-A46D-4318-9626-76FA3D374F5B}.Release|x86.ActiveCfg = Release|Win32
		{54600E37-A46D-4318-9626-76FA3D374F5B}.Release|x86.Build.0 = Release|Win32
		{EBA95322-C811-4763-BC1A-C96181EA51DB}.Debug|x64.ActiveCfg = Debug|x64
		{EBA95322-C811-4763-BC1A-C96181EA51DB}.Debug|x64.Build.0 = Debug|x64
		{EBA95322-C811-4763-BC1A-C96181EA51DB}.Debug|x86.ActiveCfg = Debug|Win32
		{EBA95322-C811-4763-BC1A-C96181EA51DB}.Debug|x86.Build.0 = Debug|Win32
		{EBA95322-C811-4763-BC1A-C96181EA51DB}.Release|x64.ActiveCfg = Release|x64
		{EBA95322-C811-4763-BC1A-C96181EA51DB}.Release|x64.Build.0 = Release|x64
		{EBA95322-C811-4763-BC1A-C96181EA51DB}.Release|x86.ActiveCfg = Release|Win32
		{EBA95322-C811-4763-BC1A-C96181EA51DB}.Release|x86.Build.0 = Release|Win32
		{2869A101-8963-4D4D-9C18-B6F92ED01658}.Debug|x64.ActiveCfg = Debug|x64
		{2869A101-8963-4D4D-9C18-B6F92ED01658}.Debug|x64.Build.0 = Debug|x64
		{2869A101-8963-4D4D-9C18-B6F92ED01658}.Debug|x86.ActiveCfg = Debug|Win32
		{2869A101-8963-4D4D-9C18-B6F92ED01658}.Debug|x86.Build.0 = Debug|Win32
		{2869A101-8963-4D4D-9C18-B6F92ED01658}.Release|x64.ActiveCfg = Release|x64
		{2869A101-8963-4D4D-9C18-B6F92ED01658}.Release|x64.Build.0 = Release|x64
		{2869A101-8963-4D4D-9C18-B6F92ED01658}.Release|x86.ActiveCfg = Release|Win32
		{2869A101-8963-4D4D-9C18-B6F92ED01658}.Release|x86.Build.0 = Release|Win32
		{99A3D5D1-FA5F-4F02-8048-6721B77BD70A}.Debug|x64.ActiveCfg = Debug|x64
		{99A3D5D1-FA5F-4F02-8048-6721B77BD70A}.Debug|x64.Build.0 = Debug|x64
		{99A3D5D1-FA5F-4F02-8048-6721B77BD70A}.Debug|x86.ActiveCfg = Debug|Win32
		{99A3D5D1-FA5F-4F02-8048-6721B77BD70A}.Debug|x86.Build.0 = Debug|Win32
		{99A3D5D1-FA5F-4F02-8048-6721B77BD70A}.Release|x64.ActiveCfg = Release|x64
		{99A3D5D1-FA5F-4F02-8048-6721B77BD70A}.Release|x64.Build.0 = Release|x64
		{99A3D5D1-FA5F-4F02-8048-6721B77BD70A}.Release|x86.ActiveCfg = Release|Win32
		{99A3D5D1-FA5F-4F02-8048-6721B77BD70A}.Release|x86.Build.0 = Release|Win32
		{CA5E7F5D-87D0-427C-8942-A2BB387F5425}.Debug|x64.ActiveCfg = Debug|x64
		{CA5E7F5D-87D0-427C-8942-A2BB387F5425}.Debug|x64.Build.0 = Debug|x64
		{CA5E7F5D-87D0-427C-8942-A2BB387F5425}.Debug|x86.ActiveCfg = Debug|Win32
		{CA5E7F5D-87D0-427C-8942-A2BB387F5425}.Debug|x86.Build.0 = Debug|Win32
		{CA5E7F5D-87D0-427C-8942-A2BB387F5425}.Release|x64.ActiveCfg = Release|x64
		{CA5E7F5D-87D0-427C-8942-A2BB387F5425}.Release|x64.Build.0 = Release|x64
		{CA5E7F5D-87D0-427C-8942-A2BB387F5425}.Release|x86.ActiveCfg = Release|Win32
		{CA5E7F5D-87D0-427C-8942-A2BB387F5425}.Release|x86.Build.0 = Release|Win32
		{94FE2FB2-1A2B-4364-8F2F-67881195C12E}.Debug|x64.ActiveCfg = Debug|x64
		{94FE2FB2-1A2B-4364-8F2F-67881195C12E}.Debug|x64.Build.0 = Debug|x64
		{94FE2FB2-1A2B-4364-8F2F-67881195C12E}.Debug|x86.ActiveCfg = Debug|Win32
		{94FE2FB2-1A2B-4364-8F2F-67881195C12E}.Debug|x86.Build.0 = Debug|Win32
		{94FE2FB2-1A2B-4364-8F2F-67881195C12E}.Release|x64.ActiveCfg = Release|x64
		{94FE2FB2-1A2B-4364-8F2F-67881195C12E}.Release|x64.Build.0 = Release|x64
		{94FE2FB2-1A2B-4364-8F2F-67881195C12E}.Release|x86.ActiveCfg = Release|Win32
		{94FE2FB2-1A2B-4364-8F2F-67881195C12E}.Release|x86.Build.0 = Release|Win32
		{C6015F31-E209-4C03-9417-FF9C901401A4}.Debug|x64.ActiveCfg = Debug|x64
		{C6015F31-E209-4C03-9417-FF9C901401A4}.Debug|x64.Build.0 = Debug|x64
		{C6015F31-E209-4C03-9417-FF9C901401A4}.Debug|x86.ActiveCfg = Debug|Win32
		{C6015F31-E209-4C03-9417-FF9C901401A4}.Debug|x86.Build.0 = Debug|Win32
		{C6015F31-E209-4C03-9417-FF9C901401A4}.Release|x64.ActiveCfg = Release|x64
		{C6015F31-E209-4C03-9417-FF9C901401A4}.Release|x64.Build.0 = Release|x64
		{C6015F31-E209-4C03-9417-FF9C901401A4}.Release|x86.ActiveCfg = Release|Win32
		{C6015F31-E209-4C03-9417-FF9C901401A4}.Release|x86.Build.0 = Release|Win32
		{868C7F12-9493-49C1-901B-108ACDA1ECBD}.Debug|x64.ActiveCfg = Debug|x64
		{868C7F12-9493-49C1-901B-108ACDA1ECBD}.Debug|x64.Build.0 = Debug|x64
		{868C7F12-9493-49C1-901B-108ACDA1ECBD}.Debug|x86.ActiveCfg = Debug|Win32
		{868C7F12-9493-49C1-901B-108ACDA1ECBD}.Debug|x86.Build.0 = Debug|Win32
		{868C7F12-9493-49C1-901B-108ACDA1ECBD}.Release|x64.ActiveCfg = Release|x64
		{868C7F12-9493-49C1-901B-108ACDA1ECBD}.Release|x64.Build.0 = Release|x64
		{868C7F12-9493-49C1-901B-108ACDA1ECBD}.Release|x86.ActiveCfg = Release|Win32
		{868C7F12-9493-49C1-901B-108ACDA1ECBD}.Release|x86.Build.0 = Release|Win32
	EndGlobalSection
	GlobalSection(SolutionProperties) = preSolution
		HideSolutionNode = FALSE
	EndGlobalSection
	GlobalSection(ExtensibilityGlobals) = postSolution
		SolutionGuid = {4150B676-733D-424D-9127-AC13D5426D7C}
	EndGlobalSection
EndGlobal
