
Microsoft Visual Studio Solution File, Format Version 12.00
# Visual Studio 15
VisualStudioVersion = 15.0.28307.271
MinimumVisualStudioVersion = 10.0.40219.1
Project("{8BC9CEB8-8B4A-11D0-8D11-00A0C91BC942}") = "RomanToInteger", "RomanToInteger\RomanToInteger.vcxproj", "{128EA13D-DAB0-46DD-9A16-E268ECBE5AC2}"
EndProject
Project("{8BC9CEB8-8B4A-11D0-8D11-00A0C91BC942}") = "LongestCommonPrefix", "LongestCommonPrefix\LongestCommonPrefix.vcxproj", "{6AEB3EFA-25A2-40F8-8E89-0503A95486A2}"
EndProject
Project("{8BC9CEB8-8B4A-11D0-8D11-00A0C91BC942}") = "ValidParentheses", "ValidParentheses\ValidParentheses.vcxproj", "{31EDA355-50B8-487D-89C3-19D2D9570CC0}"
EndProject
Project("{8BC9CEB8-8B4A-11D0-8D11-00A0C91BC942}") = "RemoveOutermostParentheses", "RemoveOutermostParentheses\RemoveOutermostParentheses.vcxproj", "{7D8E3163-F698-47A1-B9BE-42B0B2A7CA6B}"
EndProject
Project("{8BC9CEB8-8B4A-11D0-8D11-00A0C91BC942}") = "ToLowerCase", "ToLowerCase\ToLowerCase.vcxproj", "{7A169140-6098-4B55-B21E-6428BACBE3AD}"
EndProject
Project("{8BC9CEB8-8B4A-11D0-8D11-00A0C91BC942}") = "UniqueMorseCodeWords", "UniqueMorseCodeWords\UniqueMorseCodeWords.vcxproj", "{BBD03785-5664-4FD4-B97C-6F3506951721}"
EndProject
Project("{8BC9CEB8-8B4A-11D0-8D11-00A0C91BC942}") = "UniqueEmailAddresses", "UniqueEmailAddresses\UniqueEmailAddresses.vcxproj", "{309E1769-04F2-4740-8819-5A4663C1C188}"
EndProject
Project("{8BC9CEB8-8B4A-11D0-8D11-00A0C91BC942}") = "NRepeatedElementInSize2NArray", "NRepeatedElementInSize2NArray\NRepeatedElementInSize2NArray.vcxproj", "{DFD14490-B78B-4440-975C-C2DCDCA68216}"
EndProject
Project("{8BC9CEB8-8B4A-11D0-8D11-00A0C91BC942}") = "SortArrayByParity", "SortArrayByParity\SortArrayByParity.vcxproj", "{9CD74C24-C148-4598-8EAC-B258D00CAB16}"
EndProject
Project("{8BC9CEB8-8B4A-11D0-8D11-00A0C91BC942}") = "SquaresOfASortedArray", "SquaresOfASortedArray\SquaresOfASortedArray.vcxproj", "{4E36F6A7-0CD6-4DCD-9246-D081E9D9AC6A}"
EndProject
Project("{8BC9CEB8-8B4A-11D0-8D11-00A0C91BC942}") = "MaxIncreaseTOKeepCitySkyline", "MaxIncreaseTOKeepCitySkyline\MaxIncreaseTOKeepCitySkyline.vcxproj", "{DDA84B7D-D7EC-4C7D-9130-FF39D21CD78A}"
EndProject
Project("{8BC9CEB8-8B4A-11D0-8D11-00A0C91BC942}") = "EncodeAndDecodeTinyURL", "EncodeAndDecodeTinyURL\EncodeAndDecodeTinyURL.vcxproj", "{5E2B1456-52F5-4797-9892-986156AFF373}"
EndProject
Project("{8BC9CEB8-8B4A-11D0-8D11-00A0C91BC942}") = "MaximumBinaryTree", "MaximumBinaryTree\MaximumBinaryTree.vcxproj", "{EB879860-D46A-4BE7-8209-C10A82DCF468}"
EndProject
Project("{8BC9CEB8-8B4A-11D0-8D11-00A0C91BC942}") = "InsertIntoABinarySearchTree", "InsertIntoABinarySearchTree\InsertIntoABinarySearchTree.vcxproj", "{22AAD266-9EBD-440C-B78F-95488F09A813}"
EndProject
Project("{8BC9CEB8-8B4A-11D0-8D11-00A0C91BC942}") = "ConstructBinarySearchTreeFromPreorderTraversal", "ConstructBinarySearchTreeFromPreorderTraversal\ConstructBinarySearchTreeFromPreorderTraversal.vcxproj", "{B9EF0B98-0AA6-4269-B752-A6CF7D4AEB67}"
EndProject
Project("{8BC9CEB8-8B4A-11D0-8D11-00A0C91BC942}") = "FlippingAnImage", "FlippingAnImage\FlippingAnImage.vcxproj", "{9CDE95E6-C016-4958-8162-5B6BC3B69B3F}"
EndProject
Project("{8BC9CEB8-8B4A-11D0-8D11-00A0C91BC942}") = "RobotReturnToOrigin", "RobotReturnToOrigin\RobotReturnToOrigin.vcxproj", "{E9FBE4B5-06F3-4309-B973-764DD2269EF8}"
EndProject
Project("{8BC9CEB8-8B4A-11D0-8D11-00A0C91BC942}") = "HammingDistance", "HammingDistance\HammingDistance.vcxproj", "{F3DDA066-99BB-43E3-B769-9B9890F9D6A3}"
EndProject
Project("{8BC9CEB8-8B4A-11D0-8D11-00A0C91BC942}") = "DIStringMatch", "DIStringMatch\DIStringMatch.vcxproj", "{0F0DB875-F0DA-4D22-9DA2-D52ACA2C670B}"
EndProject
Project("{8BC9CEB8-8B4A-11D0-8D11-00A0C91BC942}") = "MergeTwoBinaryTrees", "MergeTwoBinaryTrees\MergeTwoBinaryTrees.vcxproj", "{3D1C38F4-3945-484F-A98F-390F6892B165}"
EndProject
Project("{8BC9CEB8-8B4A-11D0-8D11-00A0C91BC942}") = "SelfDividingNumber", "SelfDividingNumber\SelfDividingNumber.vcxproj", "{CCC74F55-95B3-4DBD-A02D-88FFF15EBE71}"
EndProject
Project("{8BC9CEB8-8B4A-11D0-8D11-00A0C91BC942}") = "PeakIndexInMountainArray", "PeakIndexInMountainArray\PeakIndexInMountainArray.vcxproj", "{5F54B3F7-007B-4528-8FEA-785DDE6ADE48}"
EndProject
Project("{8BC9CEB8-8B4A-11D0-8D11-00A0C91BC942}") = "DeleteColumnsToMakeSorted", "DeleteColumnsToMakeSorted\DeleteColumnsToMakeSorted.vcxproj", "{66DBDA61-0C09-43C6-933B-578DEB74FA3C}"
EndProject
Project("{8BC9CEB8-8B4A-11D0-8D11-00A0C91BC942}") = "NumberOfRecentCalls", "NumberOfRecentCalls\NumberOfRecentCalls.vcxproj", "{73A0A084-EE2A-477D-9DED-86FF09CE007E}"
EndProject
Global
	GlobalSection(SolutionConfigurationPlatforms) = preSolution
		Debug|x64 = Debug|x64
		Debug|x86 = Debug|x86
		Release|x64 = Release|x64
		Release|x86 = Release|x86
	EndGlobalSection
	GlobalSection(ProjectConfigurationPlatforms) = postSolution
		{128EA13D-DAB0-46DD-9A16-E268ECBE5AC2}.Debug|x64.ActiveCfg = Debug|x64
		{128EA13D-DAB0-46DD-9A16-E268ECBE5AC2}.Debug|x64.Build.0 = Debug|x64
		{128EA13D-DAB0-46DD-9A16-E268ECBE5AC2}.Debug|x86.ActiveCfg = Debug|Win32
		{128EA13D-DAB0-46DD-9A16-E268ECBE5AC2}.Debug|x86.Build.0 = Debug|Win32
		{128EA13D-DAB0-46DD-9A16-E268ECBE5AC2}.Release|x64.ActiveCfg = Release|x64
		{128EA13D-DAB0-46DD-9A16-E268ECBE5AC2}.Release|x64.Build.0 = Release|x64
		{128EA13D-DAB0-46DD-9A16-E268ECBE5AC2}.Release|x86.ActiveCfg = Release|Win32
		{128EA13D-DAB0-46DD-9A16-E268ECBE5AC2}.Release|x86.Build.0 = Release|Win32
		{6AEB3EFA-25A2-40F8-8E89-0503A95486A2}.Debug|x64.ActiveCfg = Debug|x64
		{6AEB3EFA-25A2-40F8-8E89-0503A95486A2}.Debug|x64.Build.0 = Debug|x64
		{6AEB3EFA-25A2-40F8-8E89-0503A95486A2}.Debug|x86.ActiveCfg = Debug|Win32
		{6AEB3EFA-25A2-40F8-8E89-0503A95486A2}.Debug|x86.Build.0 = Debug|Win32
		{6AEB3EFA-25A2-40F8-8E89-0503A95486A2}.Release|x64.ActiveCfg = Release|x64
		{6AEB3EFA-25A2-40F8-8E89-0503A95486A2}.Release|x64.Build.0 = Release|x64
		{6AEB3EFA-25A2-40F8-8E89-0503A95486A2}.Release|x86.ActiveCfg = Release|Win32
		{6AEB3EFA-25A2-40F8-8E89-0503A95486A2}.Release|x86.Build.0 = Release|Win32
		{31EDA355-50B8-487D-89C3-19D2D9570CC0}.Debug|x64.ActiveCfg = Debug|x64
		{31EDA355-50B8-487D-89C3-19D2D9570CC0}.Debug|x64.Build.0 = Debug|x64
		{31EDA355-50B8-487D-89C3-19D2D9570CC0}.Debug|x86.ActiveCfg = Debug|Win32
		{31EDA355-50B8-487D-89C3-19D2D9570CC0}.Debug|x86.Build.0 = Debug|Win32
		{31EDA355-50B8-487D-89C3-19D2D9570CC0}.Release|x64.ActiveCfg = Release|x64
		{31EDA355-50B8-487D-89C3-19D2D9570CC0}.Release|x64.Build.0 = Release|x64
		{31EDA355-50B8-487D-89C3-19D2D9570CC0}.Release|x86.ActiveCfg = Release|Win32
		{31EDA355-50B8-487D-89C3-19D2D9570CC0}.Release|x86.Build.0 = Release|Win32
		{7D8E3163-F698-47A1-B9BE-42B0B2A7CA6B}.Debug|x64.ActiveCfg = Debug|x64
		{7D8E3163-F698-47A1-B9BE-42B0B2A7CA6B}.Debug|x64.Build.0 = Debug|x64
		{7D8E3163-F698-47A1-B9BE-42B0B2A7CA6B}.Debug|x86.ActiveCfg = Debug|Win32
		{7D8E3163-F698-47A1-B9BE-42B0B2A7CA6B}.Debug|x86.Build.0 = Debug|Win32
		{7D8E3163-F698-47A1-B9BE-42B0B2A7CA6B}.Release|x64.ActiveCfg = Release|x64
		{7D8E3163-F698-47A1-B9BE-42B0B2A7CA6B}.Release|x64.Build.0 = Release|x64
		{7D8E3163-F698-47A1-B9BE-42B0B2A7CA6B}.Release|x86.ActiveCfg = Release|Win32
		{7D8E3163-F698-47A1-B9BE-42B0B2A7CA6B}.Release|x86.Build.0 = Release|Win32
		{7A169140-6098-4B55-B21E-6428BACBE3AD}.Debug|x64.ActiveCfg = Debug|x64
		{7A169140-6098-4B55-B21E-6428BACBE3AD}.Debug|x64.Build.0 = Debug|x64
		{7A169140-6098-4B55-B21E-6428BACBE3AD}.Debug|x86.ActiveCfg = Debug|Win32
		{7A169140-6098-4B55-B21E-6428BACBE3AD}.Debug|x86.Build.0 = Debug|Win32
		{7A169140-6098-4B55-B21E-6428BACBE3AD}.Release|x64.ActiveCfg = Release|x64
		{7A169140-6098-4B55-B21E-6428BACBE3AD}.Release|x64.Build.0 = Release|x64
		{7A169140-6098-4B55-B21E-6428BACBE3AD}.Release|x86.ActiveCfg = Release|Win32
		{7A169140-6098-4B55-B21E-6428BACBE3AD}.Release|x86.Build.0 = Release|Win32
		{BBD03785-5664-4FD4-B97C-6F3506951721}.Debug|x64.ActiveCfg = Debug|x64
		{BBD03785-5664-4FD4-B97C-6F3506951721}.Debug|x64.Build.0 = Debug|x64
		{BBD03785-5664-4FD4-B97C-6F3506951721}.Debug|x86.ActiveCfg = Debug|Win32
		{BBD03785-5664-4FD4-B97C-6F3506951721}.Debug|x86.Build.0 = Debug|Win32
		{BBD03785-5664-4FD4-B97C-6F3506951721}.Release|x64.ActiveCfg = Release|x64
		{BBD03785-5664-4FD4-B97C-6F3506951721}.Release|x64.Build.0 = Release|x64
		{BBD03785-5664-4FD4-B97C-6F3506951721}.Release|x86.ActiveCfg = Release|Win32
		{BBD03785-5664-4FD4-B97C-6F3506951721}.Release|x86.Build.0 = Release|Win32
		{309E1769-04F2-4740-8819-5A4663C1C188}.Debug|x64.ActiveCfg = Debug|x64
		{309E1769-04F2-4740-8819-5A4663C1C188}.Debug|x64.Build.0 = Debug|x64
		{309E1769-04F2-4740-8819-5A4663C1C188}.Debug|x86.ActiveCfg = Debug|Win32
		{309E1769-04F2-4740-8819-5A4663C1C188}.Debug|x86.Build.0 = Debug|Win32
		{309E1769-04F2-4740-8819-5A4663C1C188}.Release|x64.ActiveCfg = Release|x64
		{309E1769-04F2-4740-8819-5A4663C1C188}.Release|x64.Build.0 = Release|x64
		{309E1769-04F2-4740-8819-5A4663C1C188}.Release|x86.ActiveCfg = Release|Win32
		{309E1769-04F2-4740-8819-5A4663C1C188}.Release|x86.Build.0 = Release|Win32
		{DFD14490-B78B-4440-975C-C2DCDCA68216}.Debug|x64.ActiveCfg = Debug|x64
		{DFD14490-B78B-4440-975C-C2DCDCA68216}.Debug|x64.Build.0 = Debug|x64
		{DFD14490-B78B-4440-975C-C2DCDCA68216}.Debug|x86.ActiveCfg = Debug|Win32
		{DFD14490-B78B-4440-975C-C2DCDCA68216}.Debug|x86.Build.0 = Debug|Win32
		{DFD14490-B78B-4440-975C-C2DCDCA68216}.Release|x64.ActiveCfg = Release|x64
		{DFD14490-B78B-4440-975C-C2DCDCA68216}.Release|x64.Build.0 = Release|x64
		{DFD14490-B78B-4440-975C-C2DCDCA68216}.Release|x86.ActiveCfg = Release|Win32
		{DFD14490-B78B-4440-975C-C2DCDCA68216}.Release|x86.Build.0 = Release|Win32
		{9CD74C24-C148-4598-8EAC-B258D00CAB16}.Debug|x64.ActiveCfg = Debug|x64
		{9CD74C24-C148-4598-8EAC-B258D00CAB16}.Debug|x64.Build.0 = Debug|x64
		{9CD74C24-C148-4598-8EAC-B258D00CAB16}.Debug|x86.ActiveCfg = Debug|Win32
		{9CD74C24-C148-4598-8EAC-B258D00CAB16}.Debug|x86.Build.0 = Debug|Win32
		{9CD74C24-C148-4598-8EAC-B258D00CAB16}.Release|x64.ActiveCfg = Release|x64
		{9CD74C24-C148-4598-8EAC-B258D00CAB16}.Release|x64.Build.0 = Release|x64
		{9CD74C24-C148-4598-8EAC-B258D00CAB16}.Release|x86.ActiveCfg = Release|Win32
		{9CD74C24-C148-4598-8EAC-B258D00CAB16}.Release|x86.Build.0 = Release|Win32
		{4E36F6A7-0CD6-4DCD-9246-D081E9D9AC6A}.Debug|x64.ActiveCfg = Debug|x64
		{4E36F6A7-0CD6-4DCD-9246-D081E9D9AC6A}.Debug|x64.Build.0 = Debug|x64
		{4E36F6A7-0CD6-4DCD-9246-D081E9D9AC6A}.Debug|x86.ActiveCfg = Debug|Win32
		{4E36F6A7-0CD6-4DCD-9246-D081E9D9AC6A}.Debug|x86.Build.0 = Debug|Win32
		{4E36F6A7-0CD6-4DCD-9246-D081E9D9AC6A}.Release|x64.ActiveCfg = Release|x64
		{4E36F6A7-0CD6-4DCD-9246-D081E9D9AC6A}.Release|x64.Build.0 = Release|x64
		{4E36F6A7-0CD6-4DCD-9246-D081E9D9AC6A}.Release|x86.ActiveCfg = Release|Win32
		{4E36F6A7-0CD6-4DCD-9246-D081E9D9AC6A}.Release|x86.Build.0 = Release|Win32
		{DDA84B7D-D7EC-4C7D-9130-FF39D21CD78A}.Debug|x64.ActiveCfg = Debug|x64
		{DDA84B7D-D7EC-4C7D-9130-FF39D21CD78A}.Debug|x64.Build.0 = Debug|x64
		{DDA84B7D-D7EC-4C7D-9130-FF39D21CD78A}.Debug|x86.ActiveCfg = Debug|Win32
		{DDA84B7D-D7EC-4C7D-9130-FF39D21CD78A}.Debug|x86.Build.0 = Debug|Win32
		{DDA84B7D-D7EC-4C7D-9130-FF39D21CD78A}.Release|x64.ActiveCfg = Release|x64
		{DDA84B7D-D7EC-4C7D-9130-FF39D21CD78A}.Release|x64.Build.0 = Release|x64
		{DDA84B7D-D7EC-4C7D-9130-FF39D21CD78A}.Release|x86.ActiveCfg = Release|Win32
		{DDA84B7D-D7EC-4C7D-9130-FF39D21CD78A}.Release|x86.Build.0 = Release|Win32
		{5E2B1456-52F5-4797-9892-986156AFF373}.Debug|x64.ActiveCfg = Debug|x64
		{5E2B1456-52F5-4797-9892-986156AFF373}.Debug|x64.Build.0 = Debug|x64
		{5E2B1456-52F5-4797-9892-986156AFF373}.Debug|x86.ActiveCfg = Debug|Win32
		{5E2B1456-52F5-4797-9892-986156AFF373}.Debug|x86.Build.0 = Debug|Win32
		{5E2B1456-52F5-4797-9892-986156AFF373}.Release|x64.ActiveCfg = Release|x64
		{5E2B1456-52F5-4797-9892-986156AFF373}.Release|x64.Build.0 = Release|x64
		{5E2B1456-52F5-4797-9892-986156AFF373}.Release|x86.ActiveCfg = Release|Win32
		{5E2B1456-52F5-4797-9892-986156AFF373}.Release|x86.Build.0 = Release|Win32
		{EB879860-D46A-4BE7-8209-C10A82DCF468}.Debug|x64.ActiveCfg = Debug|x64
		{EB879860-D46A-4BE7-8209-C10A82DCF468}.Debug|x64.Build.0 = Debug|x64
		{EB879860-D46A-4BE7-8209-C10A82DCF468}.Debug|x86.ActiveCfg = Debug|Win32
		{EB879860-D46A-4BE7-8209-C10A82DCF468}.Debug|x86.Build.0 = Debug|Win32
		{EB879860-D46A-4BE7-8209-C10A82DCF468}.Release|x64.ActiveCfg = Release|x64
		{EB879860-D46A-4BE7-8209-C10A82DCF468}.Release|x64.Build.0 = Release|x64
		{EB879860-D46A-4BE7-8209-C10A82DCF468}.Release|x86.ActiveCfg = Release|Win32
		{EB879860-D46A-4BE7-8209-C10A82DCF468}.Release|x86.Build.0 = Release|Win32
		{22AAD266-9EBD-440C-B78F-95488F09A813}.Debug|x64.ActiveCfg = Debug|x64
		{22AAD266-9EBD-440C-B78F-95488F09A813}.Debug|x64.Build.0 = Debug|x64
		{22AAD266-9EBD-440C-B78F-95488F09A813}.Debug|x86.ActiveCfg = Debug|Win32
		{22AAD266-9EBD-440C-B78F-95488F09A813}.Debug|x86.Build.0 = Debug|Win32
		{22AAD266-9EBD-440C-B78F-95488F09A813}.Release|x64.ActiveCfg = Release|x64
		{22AAD266-9EBD-440C-B78F-95488F09A813}.Release|x64.Build.0 = Release|x64
		{22AAD266-9EBD-440C-B78F-95488F09A813}.Release|x86.ActiveCfg = Release|Win32
		{22AAD266-9EBD-440C-B78F-95488F09A813}.Release|x86.Build.0 = Release|Win32
		{B9EF0B98-0AA6-4269-B752-A6CF7D4AEB67}.Debug|x64.ActiveCfg = Debug|x64
		{B9EF0B98-0AA6-4269-B752-A6CF7D4AEB67}.Debug|x64.Build.0 = Debug|x64
		{B9EF0B98-0AA6-4269-B752-A6CF7D4AEB67}.Debug|x86.ActiveCfg = Debug|Win32
		{B9EF0B98-0AA6-4269-B752-A6CF7D4AEB67}.Debug|x86.Build.0 = Debug|Win32
		{B9EF0B98-0AA6-4269-B752-A6CF7D4AEB67}.Release|x64.ActiveCfg = Release|x64
		{B9EF0B98-0AA6-4269-B752-A6CF7D4AEB67}.Release|x64.Build.0 = Release|x64
		{B9EF0B98-0AA6-4269-B752-A6CF7D4AEB67}.Release|x86.ActiveCfg = Release|Win32
		{B9EF0B98-0AA6-4269-B752-A6CF7D4AEB67}.Release|x86.Build.0 = Release|Win32
		{9CDE95E6-C016-4958-8162-5B6BC3B69B3F}.Debug|x64.ActiveCfg = Debug|x64
		{9CDE95E6-C016-4958-8162-5B6BC3B69B3F}.Debug|x64.Build.0 = Debug|x64
		{9CDE95E6-C016-4958-8162-5B6BC3B69B3F}.Debug|x86.ActiveCfg = Debug|Win32
		{9CDE95E6-C016-4958-8162-5B6BC3B69B3F}.Debug|x86.Build.0 = Debug|Win32
		{9CDE95E6-C016-4958-8162-5B6BC3B69B3F}.Release|x64.ActiveCfg = Release|x64
		{9CDE95E6-C016-4958-8162-5B6BC3B69B3F}.Release|x64.Build.0 = Release|x64
		{9CDE95E6-C016-4958-8162-5B6BC3B69B3F}.Release|x86.ActiveCfg = Release|Win32
		{9CDE95E6-C016-4958-8162-5B6BC3B69B3F}.Release|x86.Build.0 = Release|Win32
		{E9FBE4B5-06F3-4309-B973-764DD2269EF8}.Debug|x64.ActiveCfg = Debug|x64
		{E9FBE4B5-06F3-4309-B973-764DD2269EF8}.Debug|x64.Build.0 = Debug|x64
		{E9FBE4B5-06F3-4309-B973-764DD2269EF8}.Debug|x86.ActiveCfg = Debug|Win32
		{E9FBE4B5-06F3-4309-B973-764DD2269EF8}.Debug|x86.Build.0 = Debug|Win32
		{E9FBE4B5-06F3-4309-B973-764DD2269EF8}.Release|x64.ActiveCfg = Release|x64
		{E9FBE4B5-06F3-4309-B973-764DD2269EF8}.Release|x64.Build.0 = Release|x64
		{E9FBE4B5-06F3-4309-B973-764DD2269EF8}.Release|x86.ActiveCfg = Release|Win32
		{E9FBE4B5-06F3-4309-B973-764DD2269EF8}.Release|x86.Build.0 = Release|Win32
		{F3DDA066-99BB-43E3-B769-9B9890F9D6A3}.Debug|x64.ActiveCfg = Debug|x64
		{F3DDA066-99BB-43E3-B769-9B9890F9D6A3}.Debug|x64.Build.0 = Debug|x64
		{F3DDA066-99BB-43E3-B769-9B9890F9D6A3}.Debug|x86.ActiveCfg = Debug|Win32
		{F3DDA066-99BB-43E3-B769-9B9890F9D6A3}.Debug|x86.Build.0 = Debug|Win32
		{F3DDA066-99BB-43E3-B769-9B9890F9D6A3}.Release|x64.ActiveCfg = Release|x64
		{F3DDA066-99BB-43E3-B769-9B9890F9D6A3}.Release|x64.Build.0 = Release|x64
		{F3DDA066-99BB-43E3-B769-9B9890F9D6A3}.Release|x86.ActiveCfg = Release|Win32
		{F3DDA066-99BB-43E3-B769-9B9890F9D6A3}.Release|x86.Build.0 = Release|Win32
		{0F0DB875-F0DA-4D22-9DA2-D52ACA2C670B}.Debug|x64.ActiveCfg = Debug|x64
		{0F0DB875-F0DA-4D22-9DA2-D52ACA2C670B}.Debug|x64.Build.0 = Debug|x64
		{0F0DB875-F0DA-4D22-9DA2-D52ACA2C670B}.Debug|x86.ActiveCfg = Debug|Win32
		{0F0DB875-F0DA-4D22-9DA2-D52ACA2C670B}.Debug|x86.Build.0 = Debug|Win32
		{0F0DB875-F0DA-4D22-9DA2-D52ACA2C670B}.Release|x64.ActiveCfg = Release|x64
		{0F0DB875-F0DA-4D22-9DA2-D52ACA2C670B}.Release|x64.Build.0 = Release|x64
		{0F0DB875-F0DA-4D22-9DA2-D52ACA2C670B}.Release|x86.ActiveCfg = Release|Win32
		{0F0DB875-F0DA-4D22-9DA2-D52ACA2C670B}.Release|x86.Build.0 = Release|Win32
		{3D1C38F4-3945-484F-A98F-390F6892B165}.Debug|x64.ActiveCfg = Debug|x64
		{3D1C38F4-3945-484F-A98F-390F6892B165}.Debug|x64.Build.0 = Debug|x64
		{3D1C38F4-3945-484F-A98F-390F6892B165}.Debug|x86.ActiveCfg = Debug|Win32
		{3D1C38F4-3945-484F-A98F-390F6892B165}.Debug|x86.Build.0 = Debug|Win32
		{3D1C38F4-3945-484F-A98F-390F6892B165}.Release|x64.ActiveCfg = Release|x64
		{3D1C38F4-3945-484F-A98F-390F6892B165}.Release|x64.Build.0 = Release|x64
		{3D1C38F4-3945-484F-A98F-390F6892B165}.Release|x86.ActiveCfg = Release|Win32
		{3D1C38F4-3945-484F-A98F-390F6892B165}.Release|x86.Build.0 = Release|Win32
		{CCC74F55-95B3-4DBD-A02D-88FFF15EBE71}.Debug|x64.ActiveCfg = Debug|x64
		{CCC74F55-95B3-4DBD-A02D-88FFF15EBE71}.Debug|x64.Build.0 = Debug|x64
		{CCC74F55-95B3-4DBD-A02D-88FFF15EBE71}.Debug|x86.ActiveCfg = Debug|Win32
		{CCC74F55-95B3-4DBD-A02D-88FFF15EBE71}.Debug|x86.Build.0 = Debug|Win32
		{CCC74F55-95B3-4DBD-A02D-88FFF15EBE71}.Release|x64.ActiveCfg = Release|x64
		{CCC74F55-95B3-4DBD-A02D-88FFF15EBE71}.Release|x64.Build.0 = Release|x64
		{CCC74F55-95B3-4DBD-A02D-88FFF15EBE71}.Release|x86.ActiveCfg = Release|Win32
		{CCC74F55-95B3-4DBD-A02D-88FFF15EBE71}.Release|x86.Build.0 = Release|Win32
		{5F54B3F7-007B-4528-8FEA-785DDE6ADE48}.Debug|x64.ActiveCfg = Debug|x64
		{5F54B3F7-007B-4528-8FEA-785DDE6ADE48}.Debug|x64.Build.0 = Debug|x64
		{5F54B3F7-007B-4528-8FEA-785DDE6ADE48}.Debug|x86.ActiveCfg = Debug|Win32
		{5F54B3F7-007B-4528-8FEA-785DDE6ADE48}.Debug|x86.Build.0 = Debug|Win32
		{5F54B3F7-007B-4528-8FEA-785DDE6ADE48}.Release|x64.ActiveCfg = Release|x64
		{5F54B3F7-007B-4528-8FEA-785DDE6ADE48}.Release|x64.Build.0 = Release|x64
		{5F54B3F7-007B-4528-8FEA-785DDE6ADE48}.Release|x86.ActiveCfg = Release|Win32
		{5F54B3F7-007B-4528-8FEA-785DDE6ADE48}.Release|x86.Build.0 = Release|Win32
		{66DBDA61-0C09-43C6-933B-578DEB74FA3C}.Debug|x64.ActiveCfg = Debug|x64
		{66DBDA61-0C09-43C6-933B-578DEB74FA3C}.Debug|x64.Build.0 = Debug|x64
		{66DBDA61-0C09-43C6-933B-578DEB74FA3C}.Debug|x86.ActiveCfg = Debug|Win32
		{66DBDA61-0C09-43C6-933B-578DEB74FA3C}.Debug|x86.Build.0 = Debug|Win32
		{66DBDA61-0C09-43C6-933B-578DEB74FA3C}.Release|x64.ActiveCfg = Release|x64
		{66DBDA61-0C09-43C6-933B-578DEB74FA3C}.Release|x64.Build.0 = Release|x64
		{66DBDA61-0C09-43C6-933B-578DEB74FA3C}.Release|x86.ActiveCfg = Release|Win32
		{66DBDA61-0C09-43C6-933B-578DEB74FA3C}.Release|x86.Build.0 = Release|Win32
		{73A0A084-EE2A-477D-9DED-86FF09CE007E}.Debug|x64.ActiveCfg = Debug|x64
		{73A0A084-EE2A-477D-9DED-86FF09CE007E}.Debug|x64.Build.0 = Debug|x64
		{73A0A084-EE2A-477D-9DED-86FF09CE007E}.Debug|x86.ActiveCfg = Debug|Win32
		{73A0A084-EE2A-477D-9DED-86FF09CE007E}.Debug|x86.Build.0 = Debug|Win32
		{73A0A084-EE2A-477D-9DED-86FF09CE007E}.Release|x64.ActiveCfg = Release|x64
		{73A0A084-EE2A-477D-9DED-86FF09CE007E}.Release|x64.Build.0 = Release|x64
		{73A0A084-EE2A-477D-9DED-86FF09CE007E}.Release|x86.ActiveCfg = Release|Win32
		{73A0A084-EE2A-477D-9DED-86FF09CE007E}.Release|x86.Build.0 = Release|Win32
	EndGlobalSection
	GlobalSection(SolutionProperties) = preSolution
		HideSolutionNode = FALSE
	EndGlobalSection
	GlobalSection(ExtensibilityGlobals) = postSolution
		SolutionGuid = {4150B676-733D-424D-9127-AC13D5426D7C}
	EndGlobalSection
EndGlobal
